// !$*UTF8*$!
{
	archiveVersion = 1;
	classes = {
	};
	objectVersion = 46;
	objects = {

/* Begin PBXBuildFile section */
		FE014F4F157DD155003BE31E /* checkmark.png in Resources */ = {isa = PBXBuildFile; fileRef = FE014F4E157DD155003BE31E /* checkmark.png */; };
		FE685DCF1591A0B50043EB87 /* QuestionManager.m in Sources */ = {isa = PBXBuildFile; fileRef = FE685DCE1591A0B50043EB87 /* QuestionManager.m */; };
		FE82F8DE157CF3890081F81E /* NonScrollableGridView.m in Sources */ = {isa = PBXBuildFile; fileRef = FE82F8DD157CF3890081F81E /* NonScrollableGridView.m */; };
		FE82F8E9157D19BE0081F81E /* BaseGameViewController.m in Sources */ = {isa = PBXBuildFile; fileRef = FE82F8E8157D19BE0081F81E /* BaseGameViewController.m */; };
		FE82F8EC157D1F220081F81E /* NSMutableArray+Shuffling.m in Sources */ = {isa = PBXBuildFile; fileRef = FE82F8EB157D1F220081F81E /* NSMutableArray+Shuffling.m */; };
		FEB87D391584424900AC82EF /* TwoPlayersGameViewController.m in Sources */ = {isa = PBXBuildFile; fileRef = FEB87D371584424900AC82EF /* TwoPlayersGameViewController.m */; };
		FEB87D3A1584424900AC82EF /* TwoPlayersGameViewController.xib in Resources */ = {isa = PBXBuildFile; fileRef = FEB87D381584424900AC82EF /* TwoPlayersGameViewController.xib */; };
		FEDAEA7A1578A21100F2552F /* UIKit.framework in Frameworks */ = {isa = PBXBuildFile; fileRef = FEDAEA791578A21100F2552F /* UIKit.framework */; };
		FEDAEA7C1578A21100F2552F /* Foundation.framework in Frameworks */ = {isa = PBXBuildFile; fileRef = FEDAEA7B1578A21100F2552F /* Foundation.framework */; };
		FEDAEA7E1578A21100F2552F /* CoreGraphics.framework in Frameworks */ = {isa = PBXBuildFile; fileRef = FEDAEA7D1578A21100F2552F /* CoreGraphics.framework */; };
		FEDAEA841578A21100F2552F /* InfoPlist.strings in Resources */ = {isa = PBXBuildFile; fileRef = FEDAEA821578A21100F2552F /* InfoPlist.strings */; };
		FEDAEA861578A21100F2552F /* main.m in Sources */ = {isa = PBXBuildFile; fileRef = FEDAEA851578A21100F2552F /* main.m */; };
		FEDAEA8A1578A21200F2552F /* AppDelegate.m in Sources */ = {isa = PBXBuildFile; fileRef = FEDAEA891578A21200F2552F /* AppDelegate.m */; };
		FEDAEA8D1578A21200F2552F /* SinglePlayerGameViewController.m in Sources */ = {isa = PBXBuildFile; fileRef = FEDAEA8C1578A21200F2552F /* SinglePlayerGameViewController.m */; };
		FEDAEA931578A21200F2552F /* SinglePlayerGameViewController_iPad.xib in Resources */ = {isa = PBXBuildFile; fileRef = FEDAEA911578A21200F2552F /* SinglePlayerGameViewController_iPad.xib */; };
		FEDAEAA11578A31600F2552F /* green1.png in Resources */ = {isa = PBXBuildFile; fileRef = FEDAEA9B1578A31600F2552F /* green1.png */; };
		FEDAEAA21578A31600F2552F /* green2.png in Resources */ = {isa = PBXBuildFile; fileRef = FEDAEA9C1578A31600F2552F /* green2.png */; };
		FEDAEAA31578A31600F2552F /* left.png in Resources */ = {isa = PBXBuildFile; fileRef = FEDAEA9D1578A31600F2552F /* left.png */; };
		FEDAEAA41578A31600F2552F /* red1.png in Resources */ = {isa = PBXBuildFile; fileRef = FEDAEA9E1578A31600F2552F /* red1.png */; };
		FEDAEAA51578A31600F2552F /* red2.png in Resources */ = {isa = PBXBuildFile; fileRef = FEDAEA9F1578A31600F2552F /* red2.png */; };
		FEDAEAA61578A31600F2552F /* right.png in Resources */ = {isa = PBXBuildFile; fileRef = FEDAEAA01578A31600F2552F /* right.png */; };
		FEE9798D157F8F2F00A3DE03 /* QuestionCard.m in Sources */ = {isa = PBXBuildFile; fileRef = FEE9798C157F8F2F00A3DE03 /* QuestionCard.m */; };
		FEEACDFD15795E0200698EBB /* UIViewController+Util.m in Sources */ = {isa = PBXBuildFile; fileRef = FEEACDFC15795E0200698EBB /* UIViewController+Util.m */; };
		FEEACE0315795E3D00698EBB /* StartViewController.m in Sources */ = {isa = PBXBuildFile; fileRef = FEEACE0115795E3D00698EBB /* StartViewController.m */; };
		FEEACE0415795E3D00698EBB /* StartViewController.xib in Resources */ = {isa = PBXBuildFile; fileRef = FEEACE0215795E3D00698EBB /* StartViewController.xib */; };
		FEEACE0815795FBE00698EBB /* QuestionListViewController.m in Sources */ = {isa = PBXBuildFile; fileRef = FEEACE0615795FBD00698EBB /* QuestionListViewController.m */; };
		FEEACE0915795FBE00698EBB /* QuestionListViewController.xib in Resources */ = {isa = PBXBuildFile; fileRef = FEEACE0715795FBD00698EBB /* QuestionListViewController.xib */; };
		FEEACE0B1579C88300698EBB /* QuestionCell.xib in Resources */ = {isa = PBXBuildFile; fileRef = FEEACE0A1579C88300698EBB /* QuestionCell.xib */; };
		FEEACE111579CAF900698EBB /* QuestionModel.xcdatamodeld in Sources */ = {isa = PBXBuildFile; fileRef = FEEACE0F1579CAF800698EBB /* QuestionModel.xcdatamodeld */; };
		FEEACE191579DA3000698EBB /* CoreData.framework in Frameworks */ = {isa = PBXBuildFile; fileRef = FEEACE181579DA3000698EBB /* CoreData.framework */; };
		FEFE55FD15936B19002EBFD1 /* Question.m in Sources */ = {isa = PBXBuildFile; fileRef = FEFE55FC15936B19002EBFD1 /* Question.m */; };
		FEFE560015936B34002EBFD1 /* QuestionSet.m in Sources */ = {isa = PBXBuildFile; fileRef = FEFE55FF15936B34002EBFD1 /* QuestionSet.m */; };
		FEFE560315936E6B002EBFD1 /* QuestionSetViewController.m in Sources */ = {isa = PBXBuildFile; fileRef = FEFE560215936E6B002EBFD1 /* QuestionSetViewController.m */; };
		FEFE560515936E89002EBFD1 /* QuestionSetViewController.xib in Resources */ = {isa = PBXBuildFile; fileRef = FEFE560415936E89002EBFD1 /* QuestionSetViewController.xib */; };
		FEFE56091593F674002EBFD1 /* OpenUDID.m in Sources */ = {isa = PBXBuildFile; fileRef = FEFE56081593F674002EBFD1 /* OpenUDID.m */; settings = {COMPILER_FLAGS = "-fno-objc-arc"; }; };
		FEFE563E15940322002EBFD1 /* libGMGridView.a in Frameworks */ = {isa = PBXBuildFile; fileRef = FEFE563B159402DF002EBFD1 /* libGMGridView.a */; };
		FEFE56401594048C002EBFD1 /* close_x.png in Resources */ = {isa = PBXBuildFile; fileRef = FEFE563F1594048C002EBFD1 /* close_x.png */; };
		FEFE564215940813002EBFD1 /* QuartzCore.framework in Frameworks */ = {isa = PBXBuildFile; fileRef = FEFE564115940812002EBFD1 /* QuartzCore.framework */; };
/* End PBXBuildFile section */

/* Begin PBXContainerItemProxy section */
		FEFE563A159402DF002EBFD1 /* PBXContainerItemProxy */ = {
			isa = PBXContainerItemProxy;
			containerPortal = FEFE5633159402DE002EBFD1 /* GMGridView.xcodeproj */;
			proxyType = 2;
			remoteGlobalIDString = 78509312149FAC2E000787E4;
			remoteInfo = GMGridView;
		};
		FEFE563C159402EB002EBFD1 /* PBXContainerItemProxy */ = {
			isa = PBXContainerItemProxy;
			containerPortal = FEFE5633159402DE002EBFD1 /* GMGridView.xcodeproj */;
			proxyType = 1;
			remoteGlobalIDString = 78509311149FAC2E000787E4;
			remoteInfo = GMGridView;
		};
/* End PBXContainerItemProxy section */

/* Begin PBXFileReference section */
		FE014F4E157DD155003BE31E /* checkmark.png */ = {isa = PBXFileReference; lastKnownFileType = image.png; path = checkmark.png; sourceTree = "<group>"; };
		FE685DCD1591A0B50043EB87 /* QuestionManager.h */ = {isa = PBXFileReference; fileEncoding = 4; lastKnownFileType = sourcecode.c.h; path = QuestionManager.h; sourceTree = "<group>"; };
		FE685DCE1591A0B50043EB87 /* QuestionManager.m */ = {isa = PBXFileReference; fileEncoding = 4; lastKnownFileType = sourcecode.c.objc; path = QuestionManager.m; sourceTree = "<group>"; };
		FE82F8DC157CF3890081F81E /* NonScrollableGridView.h */ = {isa = PBXFileReference; fileEncoding = 4; lastKnownFileType = sourcecode.c.h; path = NonScrollableGridView.h; sourceTree = "<group>"; };
		FE82F8DD157CF3890081F81E /* NonScrollableGridView.m */ = {isa = PBXFileReference; fileEncoding = 4; lastKnownFileType = sourcecode.c.objc; path = NonScrollableGridView.m; sourceTree = "<group>"; };
		FE82F8E3157D11A90081F81E /* QuestionModel 2.xcdatamodel */ = {isa = PBXFileReference; lastKnownFileType = wrapper.xcdatamodel; path = "QuestionModel 2.xcdatamodel"; sourceTree = "<group>"; };
		FE82F8E7157D19BE0081F81E /* BaseGameViewController.h */ = {isa = PBXFileReference; fileEncoding = 4; lastKnownFileType = sourcecode.c.h; path = BaseGameViewController.h; sourceTree = "<group>"; };
		FE82F8E8157D19BE0081F81E /* BaseGameViewController.m */ = {isa = PBXFileReference; fileEncoding = 4; lastKnownFileType = sourcecode.c.objc; path = BaseGameViewController.m; sourceTree = "<group>"; };
		FE82F8EA157D1F220081F81E /* NSMutableArray+Shuffling.h */ = {isa = PBXFileReference; fileEncoding = 4; lastKnownFileType = sourcecode.c.h; path = "NSMutableArray+Shuffling.h"; sourceTree = "<group>"; };
		FE82F8EB157D1F220081F81E /* NSMutableArray+Shuffling.m */ = {isa = PBXFileReference; fileEncoding = 4; lastKnownFileType = sourcecode.c.objc; path = "NSMutableArray+Shuffling.m"; sourceTree = "<group>"; };
		FEB87D361584424900AC82EF /* TwoPlayersGameViewController.h */ = {isa = PBXFileReference; fileEncoding = 4; lastKnownFileType = sourcecode.c.h; path = TwoPlayersGameViewController.h; sourceTree = "<group>"; };
		FEB87D371584424900AC82EF /* TwoPlayersGameViewController.m */ = {isa = PBXFileReference; fileEncoding = 4; lastKnownFileType = sourcecode.c.objc; path = TwoPlayersGameViewController.m; sourceTree = "<group>"; };
		FEB87D381584424900AC82EF /* TwoPlayersGameViewController.xib */ = {isa = PBXFileReference; fileEncoding = 4; lastKnownFileType = file.xib; path = TwoPlayersGameViewController.xib; sourceTree = "<group>"; };
		FEDAEA751578A21100F2552F /* learnEverything.app */ = {isa = PBXFileReference; explicitFileType = wrapper.application; includeInIndex = 0; path = learnEverything.app; sourceTree = BUILT_PRODUCTS_DIR; };
		FEDAEA791578A21100F2552F /* UIKit.framework */ = {isa = PBXFileReference; lastKnownFileType = wrapper.framework; name = UIKit.framework; path = System/Library/Frameworks/UIKit.framework; sourceTree = SDKROOT; };
		FEDAEA7B1578A21100F2552F /* Foundation.framework */ = {isa = PBXFileReference; lastKnownFileType = wrapper.framework; name = Foundation.framework; path = System/Library/Frameworks/Foundation.framework; sourceTree = SDKROOT; };
		FEDAEA7D1578A21100F2552F /* CoreGraphics.framework */ = {isa = PBXFileReference; lastKnownFileType = wrapper.framework; name = CoreGraphics.framework; path = System/Library/Frameworks/CoreGraphics.framework; sourceTree = SDKROOT; };
		FEDAEA811578A21100F2552F /* learnEverything-Info.plist */ = {isa = PBXFileReference; lastKnownFileType = text.plist.xml; path = "learnEverything-Info.plist"; sourceTree = "<group>"; };
		FEDAEA831578A21100F2552F /* en */ = {isa = PBXFileReference; lastKnownFileType = text.plist.strings; name = en; path = en.lproj/InfoPlist.strings; sourceTree = "<group>"; };
		FEDAEA851578A21100F2552F /* main.m */ = {isa = PBXFileReference; lastKnownFileType = sourcecode.c.objc; path = main.m; sourceTree = "<group>"; };
		FEDAEA871578A21100F2552F /* learnEverything-Prefix.pch */ = {isa = PBXFileReference; lastKnownFileType = sourcecode.c.h; path = "learnEverything-Prefix.pch"; sourceTree = "<group>"; };
		FEDAEA881578A21100F2552F /* AppDelegate.h */ = {isa = PBXFileReference; lastKnownFileType = sourcecode.c.h; path = AppDelegate.h; sourceTree = "<group>"; };
		FEDAEA891578A21200F2552F /* AppDelegate.m */ = {isa = PBXFileReference; lastKnownFileType = sourcecode.c.objc; path = AppDelegate.m; sourceTree = "<group>"; };
		FEDAEA8B1578A21200F2552F /* SinglePlayerGameViewController.h */ = {isa = PBXFileReference; lastKnownFileType = sourcecode.c.h; path = SinglePlayerGameViewController.h; sourceTree = "<group>"; };
		FEDAEA8C1578A21200F2552F /* SinglePlayerGameViewController.m */ = {isa = PBXFileReference; lastKnownFileType = sourcecode.c.objc; path = SinglePlayerGameViewController.m; sourceTree = "<group>"; };
		FEDAEA921578A21200F2552F /* en */ = {isa = PBXFileReference; lastKnownFileType = file.xib; name = en; path = en.lproj/SinglePlayerGameViewController_iPad.xib; sourceTree = "<group>"; };
		FEDAEA9B1578A31600F2552F /* green1.png */ = {isa = PBXFileReference; lastKnownFileType = image.png; path = green1.png; sourceTree = "<group>"; };
		FEDAEA9C1578A31600F2552F /* green2.png */ = {isa = PBXFileReference; lastKnownFileType = image.png; path = green2.png; sourceTree = "<group>"; };
		FEDAEA9D1578A31600F2552F /* left.png */ = {isa = PBXFileReference; lastKnownFileType = image.png; path = left.png; sourceTree = "<group>"; };
		FEDAEA9E1578A31600F2552F /* red1.png */ = {isa = PBXFileReference; lastKnownFileType = image.png; path = red1.png; sourceTree = "<group>"; };
		FEDAEA9F1578A31600F2552F /* red2.png */ = {isa = PBXFileReference; lastKnownFileType = image.png; path = red2.png; sourceTree = "<group>"; };
		FEDAEAA01578A31600F2552F /* right.png */ = {isa = PBXFileReference; lastKnownFileType = image.png; path = right.png; sourceTree = "<group>"; };
		FEE9798B157F8F2F00A3DE03 /* QuestionCard.h */ = {isa = PBXFileReference; fileEncoding = 4; lastKnownFileType = sourcecode.c.h; path = QuestionCard.h; sourceTree = "<group>"; };
		FEE9798C157F8F2F00A3DE03 /* QuestionCard.m */ = {isa = PBXFileReference; fileEncoding = 4; lastKnownFileType = sourcecode.c.objc; path = QuestionCard.m; sourceTree = "<group>"; };
		FEEACDFB15795E0200698EBB /* UIViewController+Util.h */ = {isa = PBXFileReference; fileEncoding = 4; lastKnownFileType = sourcecode.c.h; path = "UIViewController+Util.h"; sourceTree = "<group>"; };
		FEEACDFC15795E0200698EBB /* UIViewController+Util.m */ = {isa = PBXFileReference; fileEncoding = 4; lastKnownFileType = sourcecode.c.objc; path = "UIViewController+Util.m"; sourceTree = "<group>"; };
		FEEACE0015795E3D00698EBB /* StartViewController.h */ = {isa = PBXFileReference; fileEncoding = 4; lastKnownFileType = sourcecode.c.h; path = StartViewController.h; sourceTree = "<group>"; };
		FEEACE0115795E3D00698EBB /* StartViewController.m */ = {isa = PBXFileReference; fileEncoding = 4; lastKnownFileType = sourcecode.c.objc; path = StartViewController.m; sourceTree = "<group>"; };
		FEEACE0215795E3D00698EBB /* StartViewController.xib */ = {isa = PBXFileReference; fileEncoding = 4; lastKnownFileType = file.xib; path = StartViewController.xib; sourceTree = "<group>"; };
		FEEACE0515795FBD00698EBB /* QuestionListViewController.h */ = {isa = PBXFileReference; fileEncoding = 4; lastKnownFileType = sourcecode.c.h; path = QuestionListViewController.h; sourceTree = "<group>"; };
		FEEACE0615795FBD00698EBB /* QuestionListViewController.m */ = {isa = PBXFileReference; fileEncoding = 4; lastKnownFileType = sourcecode.c.objc; path = QuestionListViewController.m; sourceTree = "<group>"; };
		FEEACE0715795FBD00698EBB /* QuestionListViewController.xib */ = {isa = PBXFileReference; fileEncoding = 4; lastKnownFileType = file.xib; path = QuestionListViewController.xib; sourceTree = "<group>"; };
		FEEACE0A1579C88300698EBB /* QuestionCell.xib */ = {isa = PBXFileReference; fileEncoding = 4; lastKnownFileType = file.xib; path = QuestionCell.xib; sourceTree = "<group>"; };
		FEEACE101579CAF900698EBB /* QuestionModel.xcdatamodel */ = {isa = PBXFileReference; lastKnownFileType = wrapper.xcdatamodel; path = QuestionModel.xcdatamodel; sourceTree = "<group>"; };
		FEEACE181579DA3000698EBB /* CoreData.framework */ = {isa = PBXFileReference; lastKnownFileType = wrapper.framework; name = CoreData.framework; path = Platforms/iPhoneOS.platform/Developer/SDKs/iPhoneOS5.0.sdk/System/Library/Frameworks/CoreData.framework; sourceTree = DEVELOPER_DIR; };
		FEF4FA47159366A900D6171F /* QuestionModel 3.xcdatamodel */ = {isa = PBXFileReference; lastKnownFileType = wrapper.xcdatamodel; path = "QuestionModel 3.xcdatamodel"; sourceTree = "<group>"; };
		FEFE55FB15936B19002EBFD1 /* Question.h */ = {isa = PBXFileReference; fileEncoding = 4; lastKnownFileType = sourcecode.c.h; name = Question.h; path = learnEverything/Question.h; sourceTree = "<group>"; };
		FEFE55FC15936B19002EBFD1 /* Question.m */ = {isa = PBXFileReference; fileEncoding = 4; lastKnownFileType = sourcecode.c.objc; name = Question.m; path = learnEverything/Question.m; sourceTree = "<group>"; };
		FEFE55FE15936B34002EBFD1 /* QuestionSet.h */ = {isa = PBXFileReference; fileEncoding = 4; lastKnownFileType = sourcecode.c.h; name = QuestionSet.h; path = learnEverything/QuestionSet.h; sourceTree = "<group>"; };
		FEFE55FF15936B34002EBFD1 /* QuestionSet.m */ = {isa = PBXFileReference; fileEncoding = 4; lastKnownFileType = sourcecode.c.objc; name = QuestionSet.m; path = learnEverything/QuestionSet.m; sourceTree = "<group>"; };
		FEFE560115936E6B002EBFD1 /* QuestionSetViewController.h */ = {isa = PBXFileReference; fileEncoding = 4; lastKnownFileType = sourcecode.c.h; path = QuestionSetViewController.h; sourceTree = "<group>"; };
		FEFE560215936E6B002EBFD1 /* QuestionSetViewController.m */ = {isa = PBXFileReference; fileEncoding = 4; lastKnownFileType = sourcecode.c.objc; path = QuestionSetViewController.m; sourceTree = "<group>"; };
		FEFE560415936E89002EBFD1 /* QuestionSetViewController.xib */ = {isa = PBXFileReference; fileEncoding = 4; lastKnownFileType = file.xib; path = QuestionSetViewController.xib; sourceTree = "<group>"; };
		FEFE56071593F674002EBFD1 /* OpenUDID.h */ = {isa = PBXFileReference; fileEncoding = 4; lastKnownFileType = sourcecode.c.h; path = OpenUDID.h; sourceTree = "<group>"; };
		FEFE56081593F674002EBFD1 /* OpenUDID.m */ = {isa = PBXFileReference; fileEncoding = 4; lastKnownFileType = sourcecode.c.objc; path = OpenUDID.m; sourceTree = "<group>"; };
		FEFE5633159402DE002EBFD1 /* GMGridView.xcodeproj */ = {isa = PBXFileReference; lastKnownFileType = "wrapper.pb-project"; name = GMGridView.xcodeproj; path = GMGridView/GMGridView.xcodeproj; sourceTree = "<group>"; };
		FEFE563F1594048C002EBFD1 /* close_x.png */ = {isa = PBXFileReference; lastKnownFileType = image.png; path = close_x.png; sourceTree = "<group>"; };
		FEFE564115940812002EBFD1 /* QuartzCore.framework */ = {isa = PBXFileReference; lastKnownFileType = wrapper.framework; name = QuartzCore.framework; path = System/Library/Frameworks/QuartzCore.framework; sourceTree = SDKROOT; };
/* End PBXFileReference section */

/* Begin PBXFrameworksBuildPhase section */
		FEDAEA721578A21100F2552F /* Frameworks */ = {
			isa = PBXFrameworksBuildPhase;
			buildActionMask = 2147483647;
			files = (
				FEFE564215940813002EBFD1 /* QuartzCore.framework in Frameworks */,
				FEFE563E15940322002EBFD1 /* libGMGridView.a in Frameworks */,
				FEEACE191579DA3000698EBB /* CoreData.framework in Frameworks */,
				FEDAEA7A1578A21100F2552F /* UIKit.framework in Frameworks */,
				FEDAEA7C1578A21100F2552F /* Foundation.framework in Frameworks */,
				FEDAEA7E1578A21100F2552F /* CoreGraphics.framework in Frameworks */,
			);
			runOnlyForDeploymentPostprocessing = 0;
		};
/* End PBXFrameworksBuildPhase section */

/* Begin PBXGroup section */
		FEDAEA6A1578A21100F2552F = {
			isa = PBXGroup;
			children = (
				FEFE564115940812002EBFD1 /* QuartzCore.framework */,
				FEEACE0F1579CAF800698EBB /* QuestionModel.xcdatamodeld */,
				FEFE55FB15936B19002EBFD1 /* Question.h */,
				FEFE55FC15936B19002EBFD1 /* Question.m */,
				FEFE55FE15936B34002EBFD1 /* QuestionSet.h */,
				FEFE55FF15936B34002EBFD1 /* QuestionSet.m */,
				FEDAEA7F1578A21100F2552F /* learnEverything */,
				FEDAEA781578A21100F2552F /* Frameworks */,
				FEDAEA761578A21100F2552F /* Products */,
			);
			sourceTree = "<group>";
		};
		FEDAEA761578A21100F2552F /* Products */ = {
			isa = PBXGroup;
			children = (
				FEDAEA751578A21100F2552F /* learnEverything.app */,
			);
			name = Products;
			sourceTree = "<group>";
		};
		FEDAEA781578A21100F2552F /* Frameworks */ = {
			isa = PBXGroup;
			children = (
				FEEACE181579DA3000698EBB /* CoreData.framework */,
				FEDAEA791578A21100F2552F /* UIKit.framework */,
				FEDAEA7B1578A21100F2552F /* Foundation.framework */,
				FEDAEA7D1578A21100F2552F /* CoreGraphics.framework */,
			);
			name = Frameworks;
			sourceTree = "<group>";
		};
		FEDAEA7F1578A21100F2552F /* learnEverything */ = {
			isa = PBXGroup;
			children = (
				FEDAEA881578A21100F2552F /* AppDelegate.h */,
				FEDAEA891578A21200F2552F /* AppDelegate.m */,
				FE82F8DC157CF3890081F81E /* NonScrollableGridView.h */,
				FE82F8DD157CF3890081F81E /* NonScrollableGridView.m */,
				FE82F8E7157D19BE0081F81E /* BaseGameViewController.h */,
				FE82F8E8157D19BE0081F81E /* BaseGameViewController.m */,
				FEDAEA8B1578A21200F2552F /* SinglePlayerGameViewController.h */,
				FEDAEA8C1578A21200F2552F /* SinglePlayerGameViewController.m */,
				FEDAEA911578A21200F2552F /* SinglePlayerGameViewController_iPad.xib */,
				FEB87D361584424900AC82EF /* TwoPlayersGameViewController.h */,
				FEB87D371584424900AC82EF /* TwoPlayersGameViewController.m */,
				FEB87D381584424900AC82EF /* TwoPlayersGameViewController.xib */,
				FE685DCD1591A0B50043EB87 /* QuestionManager.h */,
				FE685DCE1591A0B50043EB87 /* QuestionManager.m */,
				FEE9798B157F8F2F00A3DE03 /* QuestionCard.h */,
				FEE9798C157F8F2F00A3DE03 /* QuestionCard.m */,
				FEEACE0015795E3D00698EBB /* StartViewController.h */,
				FEEACE0115795E3D00698EBB /* StartViewController.m */,
				FEEACE0215795E3D00698EBB /* StartViewController.xib */,
				FEEACE0515795FBD00698EBB /* QuestionListViewController.h */,
				FEEACE0615795FBD00698EBB /* QuestionListViewController.m */,
				FEEACE0715795FBD00698EBB /* QuestionListViewController.xib */,
				FEEACE0A1579C88300698EBB /* QuestionCell.xib */,
				FEFE560115936E6B002EBFD1 /* QuestionSetViewController.h */,
				FEFE560215936E6B002EBFD1 /* QuestionSetViewController.m */,
				FEFE560415936E89002EBFD1 /* QuestionSetViewController.xib */,
				FEFE56061593F674002EBFD1 /* Utils */,
				FEDAEA991578A31600F2552F /* Resources */,
				FEDAEA801578A21100F2552F /* Supporting Files */,
				FEEACDFF15795E0700698EBB /* Util */,
			);
			path = learnEverything;
			sourceTree = "<group>";
		};
		FEDAEA801578A21100F2552F /* Supporting Files */ = {
			isa = PBXGroup;
			children = (
				FEDAEA811578A21100F2552F /* learnEverything-Info.plist */,
				FEDAEA821578A21100F2552F /* InfoPlist.strings */,
				FEDAEA851578A21100F2552F /* main.m */,
				FEDAEA871578A21100F2552F /* learnEverything-Prefix.pch */,
			);
			name = "Supporting Files";
			sourceTree = "<group>";
		};
		FEDAEA991578A31600F2552F /* Resources */ = {
			isa = PBXGroup;
			children = (
				FEDAEA9A1578A31600F2552F /* images */,
			);
			path = Resources;
			sourceTree = "<group>";
		};
		FEDAEA9A1578A31600F2552F /* images */ = {
			isa = PBXGroup;
			children = (
				FEFE563F1594048C002EBFD1 /* close_x.png */,
				FE014F4E157DD155003BE31E /* checkmark.png */,
				FEDAEA9B1578A31600F2552F /* green1.png */,
				FEDAEA9C1578A31600F2552F /* green2.png */,
				FEDAEA9D1578A31600F2552F /* left.png */,
				FEDAEA9E1578A31600F2552F /* red1.png */,
				FEDAEA9F1578A31600F2552F /* red2.png */,
				FEDAEAA01578A31600F2552F /* right.png */,
			);
			path = images;
			sourceTree = "<group>";
		};
		FEEACDFF15795E0700698EBB /* Util */ = {
			isa = PBXGroup;
			children = (
				FEEACDFB15795E0200698EBB /* UIViewController+Util.h */,
				FEEACDFC15795E0200698EBB /* UIViewController+Util.m */,
				FE82F8EA157D1F220081F81E /* NSMutableArray+Shuffling.h */,
				FE82F8EB157D1F220081F81E /* NSMutableArray+Shuffling.m */,
			);
			name = Util;
			sourceTree = "<group>";
		};
		FEFE56061593F674002EBFD1 /* Utils */ = {
			isa = PBXGroup;
			children = (
				FEFE5633159402DE002EBFD1 /* GMGridView.xcodeproj */,
				FEFE56071593F674002EBFD1 /* OpenUDID.h */,
				FEFE56081593F674002EBFD1 /* OpenUDID.m */,
			);
			path = Utils;
			sourceTree = "<group>";
		};
		FEFE5634159402DE002EBFD1 /* Products */ = {
			isa = PBXGroup;
			children = (
				FEFE563B159402DF002EBFD1 /* libGMGridView.a */,
			);
			name = Products;
			sourceTree = "<group>";
		};
/* End PBXGroup section */

/* Begin PBXNativeTarget section */
		FEDAEA741578A21100F2552F /* learnEverything */ = {
			isa = PBXNativeTarget;
			buildConfigurationList = FEDAEA961578A21200F2552F /* Build configuration list for PBXNativeTarget "learnEverything" */;
			buildPhases = (
				FEDAEA711578A21100F2552F /* Sources */,
				FEDAEA721578A21100F2552F /* Frameworks */,
				FEDAEA731578A21100F2552F /* Resources */,
			);
			buildRules = (
			);
			dependencies = (
				FEFE563D159402EB002EBFD1 /* PBXTargetDependency */,
			);
			name = learnEverything;
			productName = learnEverything;
			productReference = FEDAEA751578A21100F2552F /* learnEverything.app */;
			productType = "com.apple.product-type.application";
		};
/* End PBXNativeTarget section */

/* Begin PBXProject section */
		FEDAEA6C1578A21100F2552F /* Project object */ = {
			isa = PBXProject;
			attributes = {
				LastUpgradeCheck = 0420;
			};
			buildConfigurationList = FEDAEA6F1578A21100F2552F /* Build configuration list for PBXProject "learnEverything" */;
			compatibilityVersion = "Xcode 3.2";
			developmentRegion = English;
			hasScannedForEncodings = 0;
			knownRegions = (
				en,
			);
			mainGroup = FEDAEA6A1578A21100F2552F;
			productRefGroup = FEDAEA761578A21100F2552F /* Products */;
			projectDirPath = "";
			projectReferences = (
				{
					ProductGroup = FEFE5634159402DE002EBFD1 /* Products */;
					ProjectRef = FEFE5633159402DE002EBFD1 /* GMGridView.xcodeproj */;
				},
			);
			projectRoot = "";
			targets = (
				FEDAEA741578A21100F2552F /* learnEverything */,
			);
		};
/* End PBXProject section */

/* Begin PBXReferenceProxy section */
		FEFE563B159402DF002EBFD1 /* libGMGridView.a */ = {
			isa = PBXReferenceProxy;
			fileType = archive.ar;
			path = libGMGridView.a;
			remoteRef = FEFE563A159402DF002EBFD1 /* PBXContainerItemProxy */;
			sourceTree = BUILT_PRODUCTS_DIR;
		};
/* End PBXReferenceProxy section */

/* Begin PBXResourcesBuildPhase section */
		FEDAEA731578A21100F2552F /* Resources */ = {
			isa = PBXResourcesBuildPhase;
			buildActionMask = 2147483647;
			files = (
				FEDAEA841578A21100F2552F /* InfoPlist.strings in Resources */,
				FEDAEA931578A21200F2552F /* SinglePlayerGameViewController_iPad.xib in Resources */,
				FEDAEAA11578A31600F2552F /* green1.png in Resources */,
				FEDAEAA21578A31600F2552F /* green2.png in Resources */,
				FEDAEAA31578A31600F2552F /* left.png in Resources */,
				FEDAEAA41578A31600F2552F /* red1.png in Resources */,
				FEDAEAA51578A31600F2552F /* red2.png in Resources */,
				FEDAEAA61578A31600F2552F /* right.png in Resources */,
				FEEACE0415795E3D00698EBB /* StartViewController.xib in Resources */,
				FEEACE0915795FBE00698EBB /* QuestionListViewController.xib in Resources */,
				FEEACE0B1579C88300698EBB /* QuestionCell.xib in Resources */,
				FE014F4F157DD155003BE31E /* checkmark.png in Resources */,
				FEB87D3A1584424900AC82EF /* TwoPlayersGameViewController.xib in Resources */,
				FEFE560515936E89002EBFD1 /* QuestionSetViewController.xib in Resources */,
				FEFE56401594048C002EBFD1 /* close_x.png in Resources */,
			);
			runOnlyForDeploymentPostprocessing = 0;
		};
/* End PBXResourcesBuildPhase section */

/* Begin PBXSourcesBuildPhase section */
		FEDAEA711578A21100F2552F /* Sources */ = {
			isa = PBXSourcesBuildPhase;
			buildActionMask = 2147483647;
			files = (
				FEDAEA861578A21100F2552F /* main.m in Sources */,
				FEDAEA8A1578A21200F2552F /* AppDelegate.m in Sources */,
				FEDAEA8D1578A21200F2552F /* SinglePlayerGameViewController.m in Sources */,
				FEEACDFD15795E0200698EBB /* UIViewController+Util.m in Sources */,
				FEEACE0315795E3D00698EBB /* StartViewController.m in Sources */,
				FEEACE0815795FBE00698EBB /* QuestionListViewController.m in Sources */,
				FEEACE111579CAF900698EBB /* QuestionModel.xcdatamodeld in Sources */,
				FE82F8DE157CF3890081F81E /* NonScrollableGridView.m in Sources */,
				FE82F8E9157D19BE0081F81E /* BaseGameViewController.m in Sources */,
				FE82F8EC157D1F220081F81E /* NSMutableArray+Shuffling.m in Sources */,
				FEE9798D157F8F2F00A3DE03 /* QuestionCard.m in Sources */,
				FEB87D391584424900AC82EF /* TwoPlayersGameViewController.m in Sources */,
				FE685DCF1591A0B50043EB87 /* QuestionManager.m in Sources */,
				FEFE55FD15936B19002EBFD1 /* Question.m in Sources */,
				FEFE560015936B34002EBFD1 /* QuestionSet.m in Sources */,
				FEFE560315936E6B002EBFD1 /* QuestionSetViewController.m in Sources */,
				FEFE56091593F674002EBFD1 /* OpenUDID.m in Sources */,
			);
			runOnlyForDeploymentPostprocessing = 0;
		};
/* End PBXSourcesBuildPhase section */

/* Begin PBXTargetDependency section */
		FEFE563D159402EB002EBFD1 /* PBXTargetDependency */ = {
			isa = PBXTargetDependency;
			name = GMGridView;
			targetProxy = FEFE563C159402EB002EBFD1 /* PBXContainerItemProxy */;
		};
/* End PBXTargetDependency section */

/* Begin PBXVariantGroup section */
		FEDAEA821578A21100F2552F /* InfoPlist.strings */ = {
			isa = PBXVariantGroup;
			children = (
				FEDAEA831578A21100F2552F /* en */,
			);
			name = InfoPlist.strings;
			sourceTree = "<group>";
		};
		FEDAEA911578A21200F2552F /* SinglePlayerGameViewController_iPad.xib */ = {
			isa = PBXVariantGroup;
			children = (
				FEDAEA921578A21200F2552F /* en */,
			);
			name = SinglePlayerGameViewController_iPad.xib;
			sourceTree = "<group>";
		};
/* End PBXVariantGroup section */

/* Begin XCBuildConfiguration section */
		FEDAEA941578A21200F2552F /* Debug */ = {
			isa = XCBuildConfiguration;
			buildSettings = {
				ALWAYS_SEARCH_USER_PATHS = NO;
				ARCHS = "$(ARCHS_STANDARD_32_BIT)";
				CLANG_ENABLE_OBJC_ARC = YES;
				"CODE_SIGN_IDENTITY[sdk=iphoneos*]" = "iPhone Developer";
				COPY_PHASE_STRIP = NO;
				GCC_C_LANGUAGE_STANDARD = gnu99;
				GCC_DYNAMIC_NO_PIC = NO;
				GCC_OPTIMIZATION_LEVEL = 0;
				GCC_PREPROCESSOR_DEFINITIONS = (
					"DEBUG=1",
					"$(inherited)",
				);
				GCC_SYMBOLS_PRIVATE_EXTERN = NO;
				GCC_VERSION = com.apple.compilers.llvm.clang.1_0;
				GCC_WARN_ABOUT_MISSING_PROTOTYPES = YES;
				GCC_WARN_ABOUT_RETURN_TYPE = YES;
				GCC_WARN_UNUSED_VARIABLE = YES;
				HEADER_SEARCH_PATHS = "learnEverything/Utils/GMGridView/**";
				IPHONEOS_DEPLOYMENT_TARGET = 4.0;
				OTHER_LDFLAGS = (
					"-all_load",
					"-ObjC",
				);
				SDKROOT = iphoneos5.0;
				TARGETED_DEVICE_FAMILY = "1,2";
			};
			name = Debug;
		};
		FEDAEA951578A21200F2552F /* Release */ = {
			isa = XCBuildConfiguration;
			buildSettings = {
				ALWAYS_SEARCH_USER_PATHS = NO;
				ARCHS = "$(ARCHS_STANDARD_32_BIT)";
				CLANG_ENABLE_OBJC_ARC = YES;
				"CODE_SIGN_IDENTITY[sdk=iphoneos*]" = "iPhone Developer";
				COPY_PHASE_STRIP = YES;
				GCC_C_LANGUAGE_STANDARD = gnu99;
				GCC_VERSION = com.apple.compilers.llvm.clang.1_0;
				GCC_WARN_ABOUT_MISSING_PROTOTYPES = YES;
				GCC_WARN_ABOUT_RETURN_TYPE = YES;
				GCC_WARN_UNUSED_VARIABLE = YES;
				HEADER_SEARCH_PATHS = "learnEverything/Utils/GMGridView/**";
				IPHONEOS_DEPLOYMENT_TARGET = 4.0;
				OTHER_CFLAGS = "-DNS_BLOCK_ASSERTIONS=1";
				OTHER_LDFLAGS = (
					"-all_load",
					"-ObjC",
				);
				SDKROOT = iphoneos5.0;
				TARGETED_DEVICE_FAMILY = "1,2";
				VALIDATE_PRODUCT = YES;
			};
			name = Release;
		};
		FEDAEA971578A21200F2552F /* Debug */ = {
			isa = XCBuildConfiguration;
			buildSettings = {
				GCC_PRECOMPILE_PREFIX_HEADER = YES;
				GCC_PREFIX_HEADER = "learnEverything/learnEverything-Prefix.pch";
				INFOPLIST_FILE = "learnEverything/learnEverything-Info.plist";
				IPHONEOS_DEPLOYMENT_TARGET = 4.0;
				PRODUCT_NAME = "$(TARGET_NAME)";
				SDKROOT = iphoneos5.0;
				TARGETED_DEVICE_FAMILY = 2;
				WRAPPER_EXTENSION = app;
			};
			name = Debug;
		};
		FEDAEA981578A21200F2552F /* Release */ = {
			isa = XCBuildConfiguration;
			buildSettings = {
				GCC_PRECOMPILE_PREFIX_HEADER = YES;
				GCC_PREFIX_HEADER = "learnEverything/learnEverything-Prefix.pch";
				INFOPLIST_FILE = "learnEverything/learnEverything-Info.plist";
				IPHONEOS_DEPLOYMENT_TARGET = 4.0;
				PRODUCT_NAME = "$(TARGET_NAME)";
				SDKROOT = iphoneos5.0;
				TARGETED_DEVICE_FAMILY = 2;
				WRAPPER_EXTENSION = app;
			};
			name = Release;
		};
/* End XCBuildConfiguration section */

/* Begin XCConfigurationList section */
		FEDAEA6F1578A21100F2552F /* Build configuration list for PBXProject "learnEverything" */ = {
			isa = XCConfigurationList;
			buildConfigurations = (
				FEDAEA941578A21200F2552F /* Debug */,
				FEDAEA951578A21200F2552F /* Release */,
			);
			defaultConfigurationIsVisible = 0;
			defaultConfigurationName = Release;
		};
		FEDAEA961578A21200F2552F /* Build configuration list for PBXNativeTarget "learnEverything" */ = {
			isa = XCConfigurationList;
			buildConfigurations = (
				FEDAEA971578A21200F2552F /* Debug */,
				FEDAEA981578A21200F2552F /* Release */,
			);
			defaultConfigurationIsVisible = 0;
			defaultConfigurationName = Release;
		};
/* End XCConfigurationList section */

/* Begin XCVersionGroup section */
		FEEACE0F1579CAF800698EBB /* QuestionModel.xcdatamodeld */ = {
			isa = XCVersionGroup;
			children = (
				FE82F8E3157D11A90081F81E /* QuestionModel 2.xcdatamodel */,
				FEF4FA47159366A900D6171F /* QuestionModel 3.xcdatamodel */,
				FEEACE101579CAF900698EBB /* QuestionModel.xcdatamodel */,
			);
			currentVersion = FEF4FA47159366A900D6171F /* QuestionModel 3.xcdatamodel */;
			name = QuestionModel.xcdatamodeld;
			path = learnEverything/CoreData/QuestionModel.xcdatamodeld;
			sourceTree = "<group>";
			versionGroupType = wrapper.xcdatamodel;
		};
/* End XCVersionGroup section */
	};
	rootObject = FEDAEA6C1578A21100F2552F /* Project object */;
}
