// !$*UTF8*$!
{
	archiveVersion = 1;
	classes = {
	};
	objectVersion = 46;
	objects = {

/* Begin PBXBuildFile section */
		88CE9C2E159AEEF600862303 /* fingerDetector.png in Resources */ = {isa = PBXBuildFile; fileRef = 88CE9C2D159AEEF600862303 /* fingerDetector.png */; };
		FE014F4F157DD155003BE31E /* checkmark.png in Resources */ = {isa = PBXBuildFile; fileRef = FE014F4E157DD155003BE31E /* checkmark.png */; };
		FE05A7A51598724F006F1FAC /* main_bg_full_screen.png in Resources */ = {isa = PBXBuildFile; fileRef = FE05A7A41598724F006F1FAC /* main_bg_full_screen.png */; };
		FE05A7AA1598A987006F1FAC /* FangZhengZhiYiJianTi.ttf in Resources */ = {isa = PBXBuildFile; fileRef = FE05A7A91598A987006F1FAC /* FangZhengZhiYiJianTi.ttf */; };
		FE05A7B11598AC4C006F1FAC /* UIFont+Additionals.m in Sources */ = {isa = PBXBuildFile; fileRef = FE05A7B01598AC4C006F1FAC /* UIFont+Additionals.m */; };
		FE08F1571596C38E009E981C /* MessageUI.framework in Frameworks */ = {isa = PBXBuildFile; fileRef = FE08F1561596C38E009E981C /* MessageUI.framework */; settings = {ATTRIBUTES = (Weak, ); }; };
		FE08F16615980116009E981C /* ParentControlViewController.m in Sources */ = {isa = PBXBuildFile; fileRef = FE08F16415980116009E981C /* ParentControlViewController.m */; };
		FE08F16715980116009E981C /* ParentControlViewController.xib in Resources */ = {isa = PBXBuildFile; fileRef = FE08F16515980116009E981C /* ParentControlViewController.xib */; };
		FE08F16A15980126009E981C /* FakeScannerView.m in Sources */ = {isa = PBXBuildFile; fileRef = FE08F16915980126009E981C /* FakeScannerView.m */; };
		FE08F17015984BA8009E981C /* NSMutableArray+Shuffling.m in Sources */ = {isa = PBXBuildFile; fileRef = FE08F16D15984BA8009E981C /* NSMutableArray+Shuffling.m */; };
		FE08F17115984BA8009E981C /* UIViewController+Util.m in Sources */ = {isa = PBXBuildFile; fileRef = FE08F16F15984BA8009E981C /* UIViewController+Util.m */; };
		FE1B921A159567D50090A127 /* basic_english.qsj in Resources */ = {isa = PBXBuildFile; fileRef = FE1B9219159567D50090A127 /* basic_english.qsj */; };
		FE2AB105159989B20095BAB6 /* dialog-left.png in Resources */ = {isa = PBXBuildFile; fileRef = FE2AB103159989B20095BAB6 /* dialog-left.png */; };
		FE2AB106159989B20095BAB6 /* dialog-right.png in Resources */ = {isa = PBXBuildFile; fileRef = FE2AB104159989B20095BAB6 /* dialog-right.png */; };
		FE57F1AE1594493F00DD09E4 /* qn_set_cover_default.png in Resources */ = {isa = PBXBuildFile; fileRef = FE57F1AD1594493F00DD09E4 /* qn_set_cover_default.png */; };
		FE57F1B2159449DE00DD09E4 /* JSONKit.m in Sources */ = {isa = PBXBuildFile; fileRef = FE57F1B1159449DE00DD09E4 /* JSONKit.m */; settings = {COMPILER_FLAGS = "-fno-objc-arc"; }; };
		FE57F1B715944B5000DD09E4 /* system_99chengfa.qsj in Resources */ = {isa = PBXBuildFile; fileRef = FE57F1B615944B5000DD09E4 /* system_99chengfa.qsj */; };
		FE61AE2C159AA589000EEBFE /* star_score.png in Resources */ = {isa = PBXBuildFile; fileRef = FE61AE2B159AA589000EEBFE /* star_score.png */; };
		FE61AE2E159ABC07000EEBFE /* wrong_cross.png in Resources */ = {isa = PBXBuildFile; fileRef = FE61AE2D159ABC07000EEBFE /* wrong_cross.png */; };
		FE61AE30159AC18D000EEBFE /* flame.png in Resources */ = {isa = PBXBuildFile; fileRef = FE61AE2F159AC18D000EEBFE /* flame.png */; };
		FE685DCF1591A0B50043EB87 /* QuestionManager.m in Sources */ = {isa = PBXBuildFile; fileRef = FE685DCE1591A0B50043EB87 /* QuestionManager.m */; };
		FE82F8DE157CF3890081F81E /* NonScrollableGridView.m in Sources */ = {isa = PBXBuildFile; fileRef = FE82F8DD157CF3890081F81E /* NonScrollableGridView.m */; };
		FEDAEA7A1578A21100F2552F /* UIKit.framework in Frameworks */ = {isa = PBXBuildFile; fileRef = FEDAEA791578A21100F2552F /* UIKit.framework */; };
		FEDAEA7C1578A21100F2552F /* Foundation.framework in Frameworks */ = {isa = PBXBuildFile; fileRef = FEDAEA7B1578A21100F2552F /* Foundation.framework */; };
		FEDAEA7E1578A21100F2552F /* CoreGraphics.framework in Frameworks */ = {isa = PBXBuildFile; fileRef = FEDAEA7D1578A21100F2552F /* CoreGraphics.framework */; };
		FEDAEA861578A21100F2552F /* main.m in Sources */ = {isa = PBXBuildFile; fileRef = FEDAEA851578A21100F2552F /* main.m */; };
		FEDAEA8A1578A21200F2552F /* AppDelegate.m in Sources */ = {isa = PBXBuildFile; fileRef = FEDAEA891578A21200F2552F /* AppDelegate.m */; };
		FEDAEAA11578A31600F2552F /* green1.png in Resources */ = {isa = PBXBuildFile; fileRef = FEDAEA9B1578A31600F2552F /* green1.png */; };
		FEDAEAA21578A31600F2552F /* green2.png in Resources */ = {isa = PBXBuildFile; fileRef = FEDAEA9C1578A31600F2552F /* green2.png */; };
		FEDAEAA31578A31600F2552F /* left.png in Resources */ = {isa = PBXBuildFile; fileRef = FEDAEA9D1578A31600F2552F /* left.png */; };
		FEDAEAA41578A31600F2552F /* red1.png in Resources */ = {isa = PBXBuildFile; fileRef = FEDAEA9E1578A31600F2552F /* red1.png */; };
		FEDAEAA51578A31600F2552F /* red2.png in Resources */ = {isa = PBXBuildFile; fileRef = FEDAEA9F1578A31600F2552F /* red2.png */; };
		FEDAEAA61578A31600F2552F /* right.png in Resources */ = {isa = PBXBuildFile; fileRef = FEDAEAA01578A31600F2552F /* right.png */; };
		FEE16C6715998A62004EA22F /* BaseGameViewController.m in Sources */ = {isa = PBXBuildFile; fileRef = FEE16C5F15998A62004EA22F /* BaseGameViewController.m */; };
		FEE16C6815998A62004EA22F /* PauseMenuView.xib in Resources */ = {isa = PBXBuildFile; fileRef = FEE16C6015998A62004EA22F /* PauseMenuView.xib */; };
		FEE16C6915998A62004EA22F /* SinglePlayerGameViewController.m in Sources */ = {isa = PBXBuildFile; fileRef = FEE16C6215998A62004EA22F /* SinglePlayerGameViewController.m */; };
		FEE16C6A15998A62004EA22F /* SinglePlayerGameViewController_iPad.xib in Resources */ = {isa = PBXBuildFile; fileRef = FEE16C6315998A62004EA22F /* SinglePlayerGameViewController_iPad.xib */; };
		FEE16C6B15998A62004EA22F /* TwoPlayersGameViewController.m in Sources */ = {isa = PBXBuildFile; fileRef = FEE16C6515998A62004EA22F /* TwoPlayersGameViewController.m */; };
		FEE16C6C15998A62004EA22F /* TwoPlayersGameViewController.xib in Resources */ = {isa = PBXBuildFile; fileRef = FEE16C6615998A62004EA22F /* TwoPlayersGameViewController.xib */; };
		FEE16C6E15998ABA004EA22F /* DialogViews.xib in Resources */ = {isa = PBXBuildFile; fileRef = FEE16C6D15998ABA004EA22F /* DialogViews.xib */; };
		FEE16C7215998EC1004EA22F /* countdown_one.png in Resources */ = {isa = PBXBuildFile; fileRef = FEE16C6F15998EC1004EA22F /* countdown_one.png */; };
		FEE16C7315998EC1004EA22F /* countdown_three.png in Resources */ = {isa = PBXBuildFile; fileRef = FEE16C7015998EC1004EA22F /* countdown_three.png */; };
		FEE16C76159991C6004EA22F /* countdown_two.png in Resources */ = {isa = PBXBuildFile; fileRef = FEE16C75159991C6004EA22F /* countdown_two.png */; };
		FEE16C78159992DD004EA22F /* AVFoundation.framework in Frameworks */ = {isa = PBXBuildFile; fileRef = FEE16C77159992DD004EA22F /* AVFoundation.framework */; settings = {ATTRIBUTES = (Weak, ); }; };
		FEE16C7F159993CC004EA22F /* xj.mp3 in Resources */ = {isa = PBXBuildFile; fileRef = FEE16C7E159993CC004EA22F /* xj.mp3 */; };
		FEE16C811599A270004EA22F /* card_back.png in Resources */ = {isa = PBXBuildFile; fileRef = FEE16C801599A270004EA22F /* card_back.png */; };
		FEE9798D157F8F2F00A3DE03 /* QuestionCard.m in Sources */ = {isa = PBXBuildFile; fileRef = FEE9798C157F8F2F00A3DE03 /* QuestionCard.m */; };
		FEEACE0315795E3D00698EBB /* StartViewController.m in Sources */ = {isa = PBXBuildFile; fileRef = FEEACE0115795E3D00698EBB /* StartViewController.m */; };
		FEEACE0415795E3D00698EBB /* StartViewController.xib in Resources */ = {isa = PBXBuildFile; fileRef = FEEACE0215795E3D00698EBB /* StartViewController.xib */; };
		FEEACE0815795FBE00698EBB /* QuestionListViewController.m in Sources */ = {isa = PBXBuildFile; fileRef = FEEACE0615795FBD00698EBB /* QuestionListViewController.m */; };
		FEEACE0915795FBE00698EBB /* QuestionListViewController.xib in Resources */ = {isa = PBXBuildFile; fileRef = FEEACE0715795FBD00698EBB /* QuestionListViewController.xib */; };
		FEEACE0B1579C88300698EBB /* QuestionCell.xib in Resources */ = {isa = PBXBuildFile; fileRef = FEEACE0A1579C88300698EBB /* QuestionCell.xib */; };
		FEEACE111579CAF900698EBB /* QuestionModel.xcdatamodeld in Sources */ = {isa = PBXBuildFile; fileRef = FEEACE0F1579CAF800698EBB /* QuestionModel.xcdatamodeld */; };
		FEEACE191579DA3000698EBB /* CoreData.framework in Frameworks */ = {isa = PBXBuildFile; fileRef = FEEACE181579DA3000698EBB /* CoreData.framework */; };
		FEF224A3159472B90093A9D6 /* Question+Helpers.m in Sources */ = {isa = PBXBuildFile; fileRef = FEF224A2159472B90093A9D6 /* Question+Helpers.m */; };
		FEF224A6159475270093A9D6 /* NSManagedObject+Helpers.m in Sources */ = {isa = PBXBuildFile; fileRef = FEF224A5159475270093A9D6 /* NSManagedObject+Helpers.m */; };
		FEF224AB15947A250093A9D6 /* Question.m in Sources */ = {isa = PBXBuildFile; fileRef = FEF224AA15947A250093A9D6 /* Question.m */; };
		FEFE560015936B34002EBFD1 /* QuestionSet.m in Sources */ = {isa = PBXBuildFile; fileRef = FEFE55FF15936B34002EBFD1 /* QuestionSet.m */; };
		FEFE560315936E6B002EBFD1 /* QuestionSetViewController.m in Sources */ = {isa = PBXBuildFile; fileRef = FEFE560215936E6B002EBFD1 /* QuestionSetViewController.m */; };
		FEFE560515936E89002EBFD1 /* QuestionSetViewController.xib in Resources */ = {isa = PBXBuildFile; fileRef = FEFE560415936E89002EBFD1 /* QuestionSetViewController.xib */; };
		FEFE56091593F674002EBFD1 /* OpenUDID.m in Sources */ = {isa = PBXBuildFile; fileRef = FEFE56081593F674002EBFD1 /* OpenUDID.m */; settings = {COMPILER_FLAGS = "-fno-objc-arc"; }; };
		FEFE563E15940322002EBFD1 /* libGMGridView.a in Frameworks */ = {isa = PBXBuildFile; fileRef = FEFE563B159402DF002EBFD1 /* libGMGridView.a */; };
		FEFE56401594048C002EBFD1 /* close_x.png in Resources */ = {isa = PBXBuildFile; fileRef = FEFE563F1594048C002EBFD1 /* close_x.png */; };
		FEFE564215940813002EBFD1 /* QuartzCore.framework in Frameworks */ = {isa = PBXBuildFile; fileRef = FEFE564115940812002EBFD1 /* QuartzCore.framework */; };
/* End PBXBuildFile section */

/* Begin PBXContainerItemProxy section */
		FEFE563A159402DF002EBFD1 /* PBXContainerItemProxy */ = {
			isa = PBXContainerItemProxy;
			containerPortal = FEFE5633159402DE002EBFD1 /* GMGridView.xcodeproj */;
			proxyType = 2;
			remoteGlobalIDString = 78509312149FAC2E000787E4;
			remoteInfo = GMGridView;
		};
		FEFE563C159402EB002EBFD1 /* PBXContainerItemProxy */ = {
			isa = PBXContainerItemProxy;
			containerPortal = FEFE5633159402DE002EBFD1 /* GMGridView.xcodeproj */;
			proxyType = 1;
			remoteGlobalIDString = 78509311149FAC2E000787E4;
			remoteInfo = GMGridView;
		};
/* End PBXContainerItemProxy section */

/* Begin PBXFileReference section */
		88CE9C2D159AEEF600862303 /* fingerDetector.png */ = {isa = PBXFileReference; lastKnownFileType = image.png; path = fingerDetector.png; sourceTree = "<group>"; };
		FE014F4E157DD155003BE31E /* checkmark.png */ = {isa = PBXFileReference; lastKnownFileType = image.png; path = checkmark.png; sourceTree = "<group>"; };
		FE05A7A41598724F006F1FAC /* main_bg_full_screen.png */ = {isa = PBXFileReference; lastKnownFileType = image.png; path = main_bg_full_screen.png; sourceTree = "<group>"; };
		FE05A7A91598A987006F1FAC /* FangZhengZhiYiJianTi.ttf */ = {isa = PBXFileReference; lastKnownFileType = file; path = FangZhengZhiYiJianTi.ttf; sourceTree = "<group>"; };
		FE05A7AF1598AC4C006F1FAC /* UIFont+Additionals.h */ = {isa = PBXFileReference; fileEncoding = 4; lastKnownFileType = sourcecode.c.h; path = "UIFont+Additionals.h"; sourceTree = "<group>"; };
		FE05A7B01598AC4C006F1FAC /* UIFont+Additionals.m */ = {isa = PBXFileReference; fileEncoding = 4; lastKnownFileType = sourcecode.c.objc; path = "UIFont+Additionals.m"; sourceTree = "<group>"; };
		FE08F1561596C38E009E981C /* MessageUI.framework */ = {isa = PBXFileReference; lastKnownFileType = wrapper.framework; name = MessageUI.framework; path = System/Library/Frameworks/MessageUI.framework; sourceTree = SDKROOT; };
		FE08F16315980116009E981C /* ParentControlViewController.h */ = {isa = PBXFileReference; fileEncoding = 4; lastKnownFileType = sourcecode.c.h; name = ParentControlViewController.h; path = "Parent Control/ParentControlViewController.h"; sourceTree = "<group>"; };
		FE08F16415980116009E981C /* ParentControlViewController.m */ = {isa = PBXFileReference; fileEncoding = 4; lastKnownFileType = sourcecode.c.objc; name = ParentControlViewController.m; path = "Parent Control/ParentControlViewController.m"; sourceTree = "<group>"; };
		FE08F16515980116009E981C /* ParentControlViewController.xib */ = {isa = PBXFileReference; fileEncoding = 4; lastKnownFileType = file.xib; name = ParentControlViewController.xib; path = "Parent Control/ParentControlViewController.xib"; sourceTree = "<group>"; };
		FE08F16815980126009E981C /* FakeScannerView.h */ = {isa = PBXFileReference; fileEncoding = 4; lastKnownFileType = sourcecode.c.h; name = FakeScannerView.h; path = "Parent Control/FakeScannerView.h"; sourceTree = "<group>"; };
		FE08F16915980126009E981C /* FakeScannerView.m */ = {isa = PBXFileReference; fileEncoding = 4; lastKnownFileType = sourcecode.c.objc; name = FakeScannerView.m; path = "Parent Control/FakeScannerView.m"; sourceTree = "<group>"; };
		FE08F16C15984BA8009E981C /* NSMutableArray+Shuffling.h */ = {isa = PBXFileReference; fileEncoding = 4; lastKnownFileType = sourcecode.c.h; path = "NSMutableArray+Shuffling.h"; sourceTree = "<group>"; };
		FE08F16D15984BA8009E981C /* NSMutableArray+Shuffling.m */ = {isa = PBXFileReference; fileEncoding = 4; lastKnownFileType = sourcecode.c.objc; path = "NSMutableArray+Shuffling.m"; sourceTree = "<group>"; };
		FE08F16E15984BA8009E981C /* UIViewController+Util.h */ = {isa = PBXFileReference; fileEncoding = 4; lastKnownFileType = sourcecode.c.h; path = "UIViewController+Util.h"; sourceTree = "<group>"; };
		FE08F16F15984BA8009E981C /* UIViewController+Util.m */ = {isa = PBXFileReference; fileEncoding = 4; lastKnownFileType = sourcecode.c.objc; path = "UIViewController+Util.m"; sourceTree = "<group>"; };
		FE1B9219159567D50090A127 /* basic_english.qsj */ = {isa = PBXFileReference; fileEncoding = 4; lastKnownFileType = text; path = basic_english.qsj; sourceTree = "<group>"; };
		FE2AB103159989B20095BAB6 /* dialog-left.png */ = {isa = PBXFileReference; lastKnownFileType = image.png; path = "dialog-left.png"; sourceTree = "<group>"; };
		FE2AB104159989B20095BAB6 /* dialog-right.png */ = {isa = PBXFileReference; lastKnownFileType = image.png; path = "dialog-right.png"; sourceTree = "<group>"; };
		FE57F1AD1594493F00DD09E4 /* qn_set_cover_default.png */ = {isa = PBXFileReference; lastKnownFileType = image.png; path = qn_set_cover_default.png; sourceTree = "<group>"; };
		FE57F1B0159449DE00DD09E4 /* JSONKit.h */ = {isa = PBXFileReference; fileEncoding = 4; lastKnownFileType = sourcecode.c.h; path = JSONKit.h; sourceTree = "<group>"; };
		FE57F1B1159449DE00DD09E4 /* JSONKit.m */ = {isa = PBXFileReference; fileEncoding = 4; lastKnownFileType = sourcecode.c.objc; path = JSONKit.m; sourceTree = "<group>"; };
		FE57F1B615944B5000DD09E4 /* system_99chengfa.qsj */ = {isa = PBXFileReference; fileEncoding = 4; lastKnownFileType = text; path = system_99chengfa.qsj; sourceTree = "<group>"; };
		FE61AE2B159AA589000EEBFE /* star_score.png */ = {isa = PBXFileReference; lastKnownFileType = image.png; path = star_score.png; sourceTree = "<group>"; };
		FE61AE2D159ABC07000EEBFE /* wrong_cross.png */ = {isa = PBXFileReference; lastKnownFileType = image.png; path = wrong_cross.png; sourceTree = "<group>"; };
		FE61AE2F159AC18D000EEBFE /* flame.png */ = {isa = PBXFileReference; lastKnownFileType = image.png; path = flame.png; sourceTree = "<group>"; };
		FE685DCD1591A0B50043EB87 /* QuestionManager.h */ = {isa = PBXFileReference; fileEncoding = 4; lastKnownFileType = sourcecode.c.h; path = QuestionManager.h; sourceTree = "<group>"; };
		FE685DCE1591A0B50043EB87 /* QuestionManager.m */ = {isa = PBXFileReference; fileEncoding = 4; lastKnownFileType = sourcecode.c.objc; path = QuestionManager.m; sourceTree = "<group>"; };
		FE82F8DC157CF3890081F81E /* NonScrollableGridView.h */ = {isa = PBXFileReference; fileEncoding = 4; lastKnownFileType = sourcecode.c.h; path = NonScrollableGridView.h; sourceTree = "<group>"; };
		FE82F8DD157CF3890081F81E /* NonScrollableGridView.m */ = {isa = PBXFileReference; fileEncoding = 4; lastKnownFileType = sourcecode.c.objc; path = NonScrollableGridView.m; sourceTree = "<group>"; };
		FE82F8E3157D11A90081F81E /* QuestionModel 2.xcdatamodel */ = {isa = PBXFileReference; lastKnownFileType = wrapper.xcdatamodel; path = "QuestionModel 2.xcdatamodel"; sourceTree = "<group>"; };
		FEDAEA751578A21100F2552F /* learnEverything.app */ = {isa = PBXFileReference; explicitFileType = wrapper.application; includeInIndex = 0; path = learnEverything.app; sourceTree = BUILT_PRODUCTS_DIR; };
		FEDAEA791578A21100F2552F /* UIKit.framework */ = {isa = PBXFileReference; lastKnownFileType = wrapper.framework; name = UIKit.framework; path = System/Library/Frameworks/UIKit.framework; sourceTree = SDKROOT; };
		FEDAEA7B1578A21100F2552F /* Foundation.framework */ = {isa = PBXFileReference; lastKnownFileType = wrapper.framework; name = Foundation.framework; path = System/Library/Frameworks/Foundation.framework; sourceTree = SDKROOT; };
		FEDAEA7D1578A21100F2552F /* CoreGraphics.framework */ = {isa = PBXFileReference; lastKnownFileType = wrapper.framework; name = CoreGraphics.framework; path = System/Library/Frameworks/CoreGraphics.framework; sourceTree = SDKROOT; };
		FEDAEA811578A21100F2552F /* learnEverything-Info.plist */ = {isa = PBXFileReference; lastKnownFileType = text.plist.xml; path = "learnEverything-Info.plist"; sourceTree = "<group>"; };
		FEDAEA851578A21100F2552F /* main.m */ = {isa = PBXFileReference; lastKnownFileType = sourcecode.c.objc; path = main.m; sourceTree = "<group>"; };
		FEDAEA871578A21100F2552F /* learnEverything-Prefix.pch */ = {isa = PBXFileReference; lastKnownFileType = sourcecode.c.h; path = "learnEverything-Prefix.pch"; sourceTree = "<group>"; };
		FEDAEA881578A21100F2552F /* AppDelegate.h */ = {isa = PBXFileReference; lastKnownFileType = sourcecode.c.h; path = AppDelegate.h; sourceTree = "<group>"; };
		FEDAEA891578A21200F2552F /* AppDelegate.m */ = {isa = PBXFileReference; lastKnownFileType = sourcecode.c.objc; path = AppDelegate.m; sourceTree = "<group>"; };
		FEDAEA9B1578A31600F2552F /* green1.png */ = {isa = PBXFileReference; lastKnownFileType = image.png; path = green1.png; sourceTree = "<group>"; };
		FEDAEA9C1578A31600F2552F /* green2.png */ = {isa = PBXFileReference; lastKnownFileType = image.png; path = green2.png; sourceTree = "<group>"; };
		FEDAEA9D1578A31600F2552F /* left.png */ = {isa = PBXFileReference; lastKnownFileType = image.png; path = left.png; sourceTree = "<group>"; };
		FEDAEA9E1578A31600F2552F /* red1.png */ = {isa = PBXFileReference; lastKnownFileType = image.png; path = red1.png; sourceTree = "<group>"; };
		FEDAEA9F1578A31600F2552F /* red2.png */ = {isa = PBXFileReference; lastKnownFileType = image.png; path = red2.png; sourceTree = "<group>"; };
		FEDAEAA01578A31600F2552F /* right.png */ = {isa = PBXFileReference; lastKnownFileType = image.png; path = right.png; sourceTree = "<group>"; };
		FEE16C5E15998A62004EA22F /* BaseGameViewController.h */ = {isa = PBXFileReference; fileEncoding = 4; lastKnownFileType = sourcecode.c.h; path = BaseGameViewController.h; sourceTree = "<group>"; };
		FEE16C5F15998A62004EA22F /* BaseGameViewController.m */ = {isa = PBXFileReference; fileEncoding = 4; lastKnownFileType = sourcecode.c.objc; path = BaseGameViewController.m; sourceTree = "<group>"; };
		FEE16C6015998A62004EA22F /* PauseMenuView.xib */ = {isa = PBXFileReference; fileEncoding = 4; lastKnownFileType = file.xib; path = PauseMenuView.xib; sourceTree = "<group>"; };
		FEE16C6115998A62004EA22F /* SinglePlayerGameViewController.h */ = {isa = PBXFileReference; fileEncoding = 4; lastKnownFileType = sourcecode.c.h; path = SinglePlayerGameViewController.h; sourceTree = "<group>"; };
		FEE16C6215998A62004EA22F /* SinglePlayerGameViewController.m */ = {isa = PBXFileReference; fileEncoding = 4; lastKnownFileType = sourcecode.c.objc; path = SinglePlayerGameViewController.m; sourceTree = "<group>"; };
		FEE16C6315998A62004EA22F /* SinglePlayerGameViewController_iPad.xib */ = {isa = PBXFileReference; fileEncoding = 4; lastKnownFileType = file.xib; path = SinglePlayerGameViewController_iPad.xib; sourceTree = "<group>"; };
		FEE16C6415998A62004EA22F /* TwoPlayersGameViewController.h */ = {isa = PBXFileReference; fileEncoding = 4; lastKnownFileType = sourcecode.c.h; path = TwoPlayersGameViewController.h; sourceTree = "<group>"; };
		FEE16C6515998A62004EA22F /* TwoPlayersGameViewController.m */ = {isa = PBXFileReference; fileEncoding = 4; lastKnownFileType = sourcecode.c.objc; path = TwoPlayersGameViewController.m; sourceTree = "<group>"; };
		FEE16C6615998A62004EA22F /* TwoPlayersGameViewController.xib */ = {isa = PBXFileReference; fileEncoding = 4; lastKnownFileType = file.xib; path = TwoPlayersGameViewController.xib; sourceTree = "<group>"; };
		FEE16C6D15998ABA004EA22F /* DialogViews.xib */ = {isa = PBXFileReference; fileEncoding = 4; lastKnownFileType = file.xib; path = DialogViews.xib; sourceTree = "<group>"; };
		FEE16C6F15998EC1004EA22F /* countdown_one.png */ = {isa = PBXFileReference; lastKnownFileType = image.png; path = countdown_one.png; sourceTree = "<group>"; };
		FEE16C7015998EC1004EA22F /* countdown_three.png */ = {isa = PBXFileReference; lastKnownFileType = image.png; path = countdown_three.png; sourceTree = "<group>"; };
		FEE16C75159991C6004EA22F /* countdown_two.png */ = {isa = PBXFileReference; lastKnownFileType = image.png; path = countdown_two.png; sourceTree = "<group>"; };
		FEE16C77159992DD004EA22F /* AVFoundation.framework */ = {isa = PBXFileReference; lastKnownFileType = wrapper.framework; name = AVFoundation.framework; path = System/Library/Frameworks/AVFoundation.framework; sourceTree = SDKROOT; };
		FEE16C7E159993CC004EA22F /* xj.mp3 */ = {isa = PBXFileReference; lastKnownFileType = audio.mp3; path = xj.mp3; sourceTree = "<group>"; };
		FEE16C801599A270004EA22F /* card_back.png */ = {isa = PBXFileReference; lastKnownFileType = image.png; path = card_back.png; sourceTree = "<group>"; };
		FEE9798B157F8F2F00A3DE03 /* QuestionCard.h */ = {isa = PBXFileReference; fileEncoding = 4; lastKnownFileType = sourcecode.c.h; path = QuestionCard.h; sourceTree = "<group>"; };
		FEE9798C157F8F2F00A3DE03 /* QuestionCard.m */ = {isa = PBXFileReference; fileEncoding = 4; lastKnownFileType = sourcecode.c.objc; path = QuestionCard.m; sourceTree = "<group>"; };
		FEEACE0015795E3D00698EBB /* StartViewController.h */ = {isa = PBXFileReference; fileEncoding = 4; lastKnownFileType = sourcecode.c.h; path = StartViewController.h; sourceTree = "<group>"; };
		FEEACE0115795E3D00698EBB /* StartViewController.m */ = {isa = PBXFileReference; fileEncoding = 4; lastKnownFileType = sourcecode.c.objc; path = StartViewController.m; sourceTree = "<group>"; };
		FEEACE0215795E3D00698EBB /* StartViewController.xib */ = {isa = PBXFileReference; fileEncoding = 4; lastKnownFileType = file.xib; path = StartViewController.xib; sourceTree = "<group>"; };
		FEEACE0515795FBD00698EBB /* QuestionListViewController.h */ = {isa = PBXFileReference; fileEncoding = 4; lastKnownFileType = sourcecode.c.h; path = QuestionListViewController.h; sourceTree = "<group>"; };
		FEEACE0615795FBD00698EBB /* QuestionListViewController.m */ = {isa = PBXFileReference; fileEncoding = 4; lastKnownFileType = sourcecode.c.objc; path = QuestionListViewController.m; sourceTree = "<group>"; };
		FEEACE0715795FBD00698EBB /* QuestionListViewController.xib */ = {isa = PBXFileReference; fileEncoding = 4; lastKnownFileType = file.xib; path = QuestionListViewController.xib; sourceTree = "<group>"; };
		FEEACE0A1579C88300698EBB /* QuestionCell.xib */ = {isa = PBXFileReference; fileEncoding = 4; lastKnownFileType = file.xib; path = QuestionCell.xib; sourceTree = "<group>"; };
		FEEACE101579CAF900698EBB /* QuestionModel.xcdatamodel */ = {isa = PBXFileReference; lastKnownFileType = wrapper.xcdatamodel; path = QuestionModel.xcdatamodel; sourceTree = "<group>"; };
		FEEACE181579DA3000698EBB /* CoreData.framework */ = {isa = PBXFileReference; lastKnownFileType = wrapper.framework; name = CoreData.framework; path = Platforms/iPhoneOS.platform/Developer/SDKs/iPhoneOS5.0.sdk/System/Library/Frameworks/CoreData.framework; sourceTree = DEVELOPER_DIR; };
		FEF224A1159472B90093A9D6 /* Question+Helpers.h */ = {isa = PBXFileReference; fileEncoding = 4; lastKnownFileType = sourcecode.c.h; name = "Question+Helpers.h"; path = "learnEverything/Question+Helpers.h"; sourceTree = "<group>"; };
		FEF224A2159472B90093A9D6 /* Question+Helpers.m */ = {isa = PBXFileReference; fileEncoding = 4; lastKnownFileType = sourcecode.c.objc; name = "Question+Helpers.m"; path = "learnEverything/Question+Helpers.m"; sourceTree = "<group>"; };
		FEF224A4159475270093A9D6 /* NSManagedObject+Helpers.h */ = {isa = PBXFileReference; fileEncoding = 4; lastKnownFileType = sourcecode.c.h; name = "NSManagedObject+Helpers.h"; path = "learnEverything/CoreData/NSManagedObject+Helpers.h"; sourceTree = "<group>"; };
		FEF224A5159475270093A9D6 /* NSManagedObject+Helpers.m */ = {isa = PBXFileReference; fileEncoding = 4; lastKnownFileType = sourcecode.c.objc; name = "NSManagedObject+Helpers.m"; path = "learnEverything/CoreData/NSManagedObject+Helpers.m"; sourceTree = "<group>"; };
		FEF224A7159477370093A9D6 /* QuestionModel 4.xcdatamodel */ = {isa = PBXFileReference; lastKnownFileType = wrapper.xcdatamodel; path = "QuestionModel 4.xcdatamodel"; sourceTree = "<group>"; };
		FEF224A8159479DA0093A9D6 /* QuestionModel 5.xcdatamodel */ = {isa = PBXFileReference; lastKnownFileType = wrapper.xcdatamodel; path = "QuestionModel 5.xcdatamodel"; sourceTree = "<group>"; };
		FEF224A915947A250093A9D6 /* Question.h */ = {isa = PBXFileReference; fileEncoding = 4; lastKnownFileType = sourcecode.c.h; name = Question.h; path = learnEverything/CoreData/Question.h; sourceTree = "<group>"; };
		FEF224AA15947A250093A9D6 /* Question.m */ = {isa = PBXFileReference; fileEncoding = 4; lastKnownFileType = sourcecode.c.objc; name = Question.m; path = learnEverything/CoreData/Question.m; sourceTree = "<group>"; };
		FEF4FA47159366A900D6171F /* QuestionModel 3.xcdatamodel */ = {isa = PBXFileReference; lastKnownFileType = wrapper.xcdatamodel; path = "QuestionModel 3.xcdatamodel"; sourceTree = "<group>"; };
		FEFE55FE15936B34002EBFD1 /* QuestionSet.h */ = {isa = PBXFileReference; fileEncoding = 4; lastKnownFileType = sourcecode.c.h; name = QuestionSet.h; path = learnEverything/QuestionSet.h; sourceTree = "<group>"; };
		FEFE55FF15936B34002EBFD1 /* QuestionSet.m */ = {isa = PBXFileReference; fileEncoding = 4; lastKnownFileType = sourcecode.c.objc; name = QuestionSet.m; path = learnEverything/QuestionSet.m; sourceTree = "<group>"; };
		FEFE560115936E6B002EBFD1 /* QuestionSetViewController.h */ = {isa = PBXFileReference; fileEncoding = 4; lastKnownFileType = sourcecode.c.h; path = QuestionSetViewController.h; sourceTree = "<group>"; };
		FEFE560215936E6B002EBFD1 /* QuestionSetViewController.m */ = {isa = PBXFileReference; fileEncoding = 4; lastKnownFileType = sourcecode.c.objc; path = QuestionSetViewController.m; sourceTree = "<group>"; };
		FEFE560415936E89002EBFD1 /* QuestionSetViewController.xib */ = {isa = PBXFileReference; fileEncoding = 4; lastKnownFileType = file.xib; path = QuestionSetViewController.xib; sourceTree = "<group>"; };
		FEFE56071593F674002EBFD1 /* OpenUDID.h */ = {isa = PBXFileReference; fileEncoding = 4; lastKnownFileType = sourcecode.c.h; path = OpenUDID.h; sourceTree = "<group>"; };
		FEFE56081593F674002EBFD1 /* OpenUDID.m */ = {isa = PBXFileReference; fileEncoding = 4; lastKnownFileType = sourcecode.c.objc; path = OpenUDID.m; sourceTree = "<group>"; };
		FEFE5633159402DE002EBFD1 /* GMGridView.xcodeproj */ = {isa = PBXFileReference; lastKnownFileType = "wrapper.pb-project"; name = GMGridView.xcodeproj; path = GMGridView/GMGridView.xcodeproj; sourceTree = "<group>"; };
		FEFE563F1594048C002EBFD1 /* close_x.png */ = {isa = PBXFileReference; lastKnownFileType = image.png; path = close_x.png; sourceTree = "<group>"; };
		FEFE564115940812002EBFD1 /* QuartzCore.framework */ = {isa = PBXFileReference; lastKnownFileType = wrapper.framework; name = QuartzCore.framework; path = System/Library/Frameworks/QuartzCore.framework; sourceTree = SDKROOT; };
/* End PBXFileReference section */

/* Begin PBXFrameworksBuildPhase section */
		FEDAEA721578A21100F2552F /* Frameworks */ = {
			isa = PBXFrameworksBuildPhase;
			buildActionMask = 2147483647;
			files = (
				FEE16C78159992DD004EA22F /* AVFoundation.framework in Frameworks */,
				FE08F1571596C38E009E981C /* MessageUI.framework in Frameworks */,
				FEFE564215940813002EBFD1 /* QuartzCore.framework in Frameworks */,
				FEFE563E15940322002EBFD1 /* libGMGridView.a in Frameworks */,
				FEEACE191579DA3000698EBB /* CoreData.framework in Frameworks */,
				FEDAEA7A1578A21100F2552F /* UIKit.framework in Frameworks */,
				FEDAEA7C1578A21100F2552F /* Foundation.framework in Frameworks */,
				FEDAEA7E1578A21100F2552F /* CoreGraphics.framework in Frameworks */,
			);
			runOnlyForDeploymentPostprocessing = 0;
		};
/* End PBXFrameworksBuildPhase section */

/* Begin PBXGroup section */
		FE05A7A81598A987006F1FAC /* fonts */ = {
			isa = PBXGroup;
			children = (
				FE05A7A91598A987006F1FAC /* FangZhengZhiYiJianTi.ttf */,
			);
			path = fonts;
			sourceTree = "<group>";
		};
		FE08F162159800E0009E981C /* Parent Control */ = {
			isa = PBXGroup;
			children = (
				FE08F16815980126009E981C /* FakeScannerView.h */,
				FE08F16915980126009E981C /* FakeScannerView.m */,
				FE08F16315980116009E981C /* ParentControlViewController.h */,
				FE08F16415980116009E981C /* ParentControlViewController.m */,
				FE08F16515980116009E981C /* ParentControlViewController.xib */,
			);
			name = "Parent Control";
			sourceTree = "<group>";
		};
		FE2AB102159989B20095BAB6 /* dialogs */ = {
			isa = PBXGroup;
			children = (
				FE2AB103159989B20095BAB6 /* dialog-left.png */,
				FE2AB104159989B20095BAB6 /* dialog-right.png */,
			);
			path = dialogs;
			sourceTree = "<group>";
		};
		FE57F1AF159449DE00DD09E4 /* JSON */ = {
			isa = PBXGroup;
			children = (
				FE57F1B0159449DE00DD09E4 /* JSONKit.h */,
				FE57F1B1159449DE00DD09E4 /* JSONKit.m */,
			);
			path = JSON;
			sourceTree = "<group>";
		};
		FE57F1B315944B1E00DD09E4 /* question_set_predefined */ = {
			isa = PBXGroup;
			children = (
				FE1B9219159567D50090A127 /* basic_english.qsj */,
				FE57F1B615944B5000DD09E4 /* system_99chengfa.qsj */,
			);
			path = question_set_predefined;
			sourceTree = "<group>";
		};
		FEDAEA6A1578A21100F2552F = {
			isa = PBXGroup;
			children = (
				FEEACE0F1579CAF800698EBB /* QuestionModel.xcdatamodeld */,
				FEF224A915947A250093A9D6 /* Question.h */,
				FEF224AA15947A250093A9D6 /* Question.m */,
				FEFE55FE15936B34002EBFD1 /* QuestionSet.h */,
				FEFE55FF15936B34002EBFD1 /* QuestionSet.m */,
				FEF224A1159472B90093A9D6 /* Question+Helpers.h */,
				FEF224A2159472B90093A9D6 /* Question+Helpers.m */,
				FEF224A4159475270093A9D6 /* NSManagedObject+Helpers.h */,
				FEF224A5159475270093A9D6 /* NSManagedObject+Helpers.m */,
				FEDAEA7F1578A21100F2552F /* Learn Everything */,
				FEDAEA781578A21100F2552F /* Frameworks */,
				FEDAEA761578A21100F2552F /* Products */,
			);
			sourceTree = "<group>";
		};
		FEDAEA761578A21100F2552F /* Products */ = {
			isa = PBXGroup;
			children = (
				FEDAEA751578A21100F2552F /* learnEverything.app */,
			);
			name = Products;
			sourceTree = "<group>";
		};
		FEDAEA781578A21100F2552F /* Frameworks */ = {
			isa = PBXGroup;
			children = (
				FEE16C77159992DD004EA22F /* AVFoundation.framework */,
				FE08F1561596C38E009E981C /* MessageUI.framework */,
				FEFE564115940812002EBFD1 /* QuartzCore.framework */,
				FEEACE181579DA3000698EBB /* CoreData.framework */,
				FEDAEA791578A21100F2552F /* UIKit.framework */,
				FEDAEA7B1578A21100F2552F /* Foundation.framework */,
				FEDAEA7D1578A21100F2552F /* CoreGraphics.framework */,
			);
			name = Frameworks;
			sourceTree = "<group>";
		};
		FEDAEA7F1578A21100F2552F /* Learn Everything */ = {
			isa = PBXGroup;
			children = (
				FEDAEA881578A21100F2552F /* AppDelegate.h */,
				FEDAEA891578A21200F2552F /* AppDelegate.m */,
				FE82F8DC157CF3890081F81E /* NonScrollableGridView.h */,
				FE82F8DD157CF3890081F81E /* NonScrollableGridView.m */,
				FE685DCD1591A0B50043EB87 /* QuestionManager.h */,
				FE685DCE1591A0B50043EB87 /* QuestionManager.m */,
				FEE9798B157F8F2F00A3DE03 /* QuestionCard.h */,
				FEE9798C157F8F2F00A3DE03 /* QuestionCard.m */,
				FEEACE0015795E3D00698EBB /* StartViewController.h */,
				FEEACE0115795E3D00698EBB /* StartViewController.m */,
				FEEACE0215795E3D00698EBB /* StartViewController.xib */,
				FEEACE0515795FBD00698EBB /* QuestionListViewController.h */,
				FEEACE0615795FBD00698EBB /* QuestionListViewController.m */,
				FEEACE0715795FBD00698EBB /* QuestionListViewController.xib */,
				FEEACE0A1579C88300698EBB /* QuestionCell.xib */,
				FEFE560115936E6B002EBFD1 /* QuestionSetViewController.h */,
				FEFE560215936E6B002EBFD1 /* QuestionSetViewController.m */,
				FEFE560415936E89002EBFD1 /* QuestionSetViewController.xib */,
				FEE16C5D15998A61004EA22F /* Game Play */,
				FE08F162159800E0009E981C /* Parent Control */,
				FEFE56061593F674002EBFD1 /* Utils */,
				FEDAEA991578A31600F2552F /* Resources */,
				FEDAEA801578A21100F2552F /* Supporting Files */,
			);
			name = "Learn Everything";
			path = learnEverything;
			sourceTree = "<group>";
		};
		FEDAEA801578A21100F2552F /* Supporting Files */ = {
			isa = PBXGroup;
			children = (
				FEDAEA811578A21100F2552F /* learnEverything-Info.plist */,
				FEDAEA851578A21100F2552F /* main.m */,
				FEDAEA871578A21100F2552F /* learnEverything-Prefix.pch */,
			);
			name = "Supporting Files";
			sourceTree = "<group>";
		};
		FEDAEA991578A31600F2552F /* Resources */ = {
			isa = PBXGroup;
			children = (
				FEE16C7D159993CC004EA22F /* sounds */,
				FE05A7A81598A987006F1FAC /* fonts */,
				FEDAEA9A1578A31600F2552F /* images */,
				FE57F1B315944B1E00DD09E4 /* question_set_predefined */,
			);
			path = Resources;
			sourceTree = "<group>";
		};
		FEDAEA9A1578A31600F2552F /* images */ = {
			isa = PBXGroup;
			children = (
				88CE9C2D159AEEF600862303 /* fingerDetector.png */,
				FE2AB102159989B20095BAB6 /* dialogs */,
				FEFE563F1594048C002EBFD1 /* close_x.png */,
				FE014F4E157DD155003BE31E /* checkmark.png */,
				FE61AE2F159AC18D000EEBFE /* flame.png */,
				FE61AE2D159ABC07000EEBFE /* wrong_cross.png */,
				FE61AE2B159AA589000EEBFE /* star_score.png */,
				FEDAEA9B1578A31600F2552F /* green1.png */,
				FEDAEA9C1578A31600F2552F /* green2.png */,
				FEDAEA9D1578A31600F2552F /* left.png */,
				FEDAEA9E1578A31600F2552F /* red1.png */,
				FEDAEA9F1578A31600F2552F /* red2.png */,
				FEDAEAA01578A31600F2552F /* right.png */,
				FE57F1AD1594493F00DD09E4 /* qn_set_cover_default.png */,
				FE05A7A41598724F006F1FAC /* main_bg_full_screen.png */,
				FEE16C6F15998EC1004EA22F /* countdown_one.png */,
				FEE16C7015998EC1004EA22F /* countdown_three.png */,
				FEE16C75159991C6004EA22F /* countdown_two.png */,
				FEE16C801599A270004EA22F /* card_back.png */,
			);
			path = images;
			sourceTree = "<group>";
		};
		FEE16C5D15998A61004EA22F /* Game Play */ = {
			isa = PBXGroup;
			children = (
				FEE16C5E15998A62004EA22F /* BaseGameViewController.h */,
				FEE16C5F15998A62004EA22F /* BaseGameViewController.m */,
				FEE16C6015998A62004EA22F /* PauseMenuView.xib */,
				FEE16C6D15998ABA004EA22F /* DialogViews.xib */,
				FEE16C6115998A62004EA22F /* SinglePlayerGameViewController.h */,
				FEE16C6215998A62004EA22F /* SinglePlayerGameViewController.m */,
				FEE16C6315998A62004EA22F /* SinglePlayerGameViewController_iPad.xib */,
				FEE16C6415998A62004EA22F /* TwoPlayersGameViewController.h */,
				FEE16C6515998A62004EA22F /* TwoPlayersGameViewController.m */,
				FEE16C6615998A62004EA22F /* TwoPlayersGameViewController.xib */,
			);
			path = "Game Play";
			sourceTree = "<group>";
		};
		FEE16C7D159993CC004EA22F /* sounds */ = {
			isa = PBXGroup;
			children = (
				FEE16C7E159993CC004EA22F /* xj.mp3 */,
			);
			path = sounds;
			sourceTree = "<group>";
		};
		FEFE56061593F674002EBFD1 /* Utils */ = {
			isa = PBXGroup;
			children = (
				FE57F1AF159449DE00DD09E4 /* JSON */,
				FEFE5633159402DE002EBFD1 /* GMGridView.xcodeproj */,
				FEFE56071593F674002EBFD1 /* OpenUDID.h */,
				FEFE56081593F674002EBFD1 /* OpenUDID.m */,
				FE08F16C15984BA8009E981C /* NSMutableArray+Shuffling.h */,
				FE08F16D15984BA8009E981C /* NSMutableArray+Shuffling.m */,
				FE08F16E15984BA8009E981C /* UIViewController+Util.h */,
				FE08F16F15984BA8009E981C /* UIViewController+Util.m */,
				FE05A7AF1598AC4C006F1FAC /* UIFont+Additionals.h */,
				FE05A7B01598AC4C006F1FAC /* UIFont+Additionals.m */,
			);
			path = Utils;
			sourceTree = "<group>";
		};
		FEFE5634159402DE002EBFD1 /* Products */ = {
			isa = PBXGroup;
			children = (
				FEFE563B159402DF002EBFD1 /* libGMGridView.a */,
			);
			name = Products;
			sourceTree = "<group>";
		};
/* End PBXGroup section */

/* Begin PBXNativeTarget section */
		FEDAEA741578A21100F2552F /* learnEverything */ = {
			isa = PBXNativeTarget;
			buildConfigurationList = FEDAEA961578A21200F2552F /* Build configuration list for PBXNativeTarget "learnEverything" */;
			buildPhases = (
				FEDAEA711578A21100F2552F /* Sources */,
				FEDAEA721578A21100F2552F /* Frameworks */,
				FEDAEA731578A21100F2552F /* Resources */,
			);
			buildRules = (
			);
			dependencies = (
				FEFE563D159402EB002EBFD1 /* PBXTargetDependency */,
			);
			name = learnEverything;
			productName = learnEverything;
			productReference = FEDAEA751578A21100F2552F /* learnEverything.app */;
			productType = "com.apple.product-type.application";
		};
/* End PBXNativeTarget section */

/* Begin PBXProject section */
		FEDAEA6C1578A21100F2552F /* Project object */ = {
			isa = PBXProject;
			attributes = {
				LastUpgradeCheck = 0420;
			};
			buildConfigurationList = FEDAEA6F1578A21100F2552F /* Build configuration list for PBXProject "learnEverything" */;
			compatibilityVersion = "Xcode 3.2";
			developmentRegion = English;
			hasScannedForEncodings = 0;
			knownRegions = (
				en,
			);
			mainGroup = FEDAEA6A1578A21100F2552F;
			productRefGroup = FEDAEA761578A21100F2552F /* Products */;
			projectDirPath = "";
			projectReferences = (
				{
					ProductGroup = FEFE5634159402DE002EBFD1 /* Products */;
					ProjectRef = FEFE5633159402DE002EBFD1 /* GMGridView.xcodeproj */;
				},
			);
			projectRoot = "";
			targets = (
				FEDAEA741578A21100F2552F /* learnEverything */,
			);
		};
/* End PBXProject section */

/* Begin PBXReferenceProxy section */
		FEFE563B159402DF002EBFD1 /* libGMGridView.a */ = {
			isa = PBXReferenceProxy;
			fileType = archive.ar;
			path = libGMGridView.a;
			remoteRef = FEFE563A159402DF002EBFD1 /* PBXContainerItemProxy */;
			sourceTree = BUILT_PRODUCTS_DIR;
		};
/* End PBXReferenceProxy section */

/* Begin PBXResourcesBuildPhase section */
		FEDAEA731578A21100F2552F /* Resources */ = {
			isa = PBXResourcesBuildPhase;
			buildActionMask = 2147483647;
			files = (
				FEDAEAA11578A31600F2552F /* green1.png in Resources */,
				FEDAEAA21578A31600F2552F /* green2.png in Resources */,
				FEDAEAA31578A31600F2552F /* left.png in Resources */,
				FEDAEAA41578A31600F2552F /* red1.png in Resources */,
				FEDAEAA51578A31600F2552F /* red2.png in Resources */,
				FEDAEAA61578A31600F2552F /* right.png in Resources */,
				FEEACE0415795E3D00698EBB /* StartViewController.xib in Resources */,
				FEEACE0915795FBE00698EBB /* QuestionListViewController.xib in Resources */,
				FEEACE0B1579C88300698EBB /* QuestionCell.xib in Resources */,
				FE014F4F157DD155003BE31E /* checkmark.png in Resources */,
				FEFE560515936E89002EBFD1 /* QuestionSetViewController.xib in Resources */,
				FEFE56401594048C002EBFD1 /* close_x.png in Resources */,
				FE57F1AE1594493F00DD09E4 /* qn_set_cover_default.png in Resources */,
				FE57F1B715944B5000DD09E4 /* system_99chengfa.qsj in Resources */,
				FE1B921A159567D50090A127 /* basic_english.qsj in Resources */,
				FE08F16715980116009E981C /* ParentControlViewController.xib in Resources */,
				FE05A7A51598724F006F1FAC /* main_bg_full_screen.png in Resources */,
				FE05A7AA1598A987006F1FAC /* FangZhengZhiYiJianTi.ttf in Resources */,
				FE2AB105159989B20095BAB6 /* dialog-left.png in Resources */,
				FE2AB106159989B20095BAB6 /* dialog-right.png in Resources */,
				FEE16C6815998A62004EA22F /* PauseMenuView.xib in Resources */,
				FEE16C6A15998A62004EA22F /* SinglePlayerGameViewController_iPad.xib in Resources */,
				FEE16C6C15998A62004EA22F /* TwoPlayersGameViewController.xib in Resources */,
				FEE16C6E15998ABA004EA22F /* DialogViews.xib in Resources */,
				FEE16C7215998EC1004EA22F /* countdown_one.png in Resources */,
				FEE16C7315998EC1004EA22F /* countdown_three.png in Resources */,
				FEE16C76159991C6004EA22F /* countdown_two.png in Resources */,
				FEE16C7F159993CC004EA22F /* xj.mp3 in Resources */,
				FEE16C811599A270004EA22F /* card_back.png in Resources */,
				FE61AE2C159AA589000EEBFE /* star_score.png in Resources */,
				FE61AE2E159ABC07000EEBFE /* wrong_cross.png in Resources */,
				FE61AE30159AC18D000EEBFE /* flame.png in Resources */,
				88CE9C2E159AEEF600862303 /* fingerDetector.png in Resources */,
			);
			runOnlyForDeploymentPostprocessing = 0;
		};
/* End PBXResourcesBuildPhase section */

/* Begin PBXSourcesBuildPhase section */
		FEDAEA711578A21100F2552F /* Sources */ = {
			isa = PBXSourcesBuildPhase;
			buildActionMask = 2147483647;
			files = (
				FEDAEA861578A21100F2552F /* main.m in Sources */,
				FEDAEA8A1578A21200F2552F /* AppDelegate.m in Sources */,
				FEEACE0315795E3D00698EBB /* StartViewController.m in Sources */,
				FEEACE0815795FBE00698EBB /* QuestionListViewController.m in Sources */,
				FEEACE111579CAF900698EBB /* QuestionModel.xcdatamodeld in Sources */,
				FE82F8DE157CF3890081F81E /* NonScrollableGridView.m in Sources */,
				FEE9798D157F8F2F00A3DE03 /* QuestionCard.m in Sources */,
				FE685DCF1591A0B50043EB87 /* QuestionManager.m in Sources */,
				FEFE560015936B34002EBFD1 /* QuestionSet.m in Sources */,
				FEFE560315936E6B002EBFD1 /* QuestionSetViewController.m in Sources */,
				FEFE56091593F674002EBFD1 /* OpenUDID.m in Sources */,
				FE57F1B2159449DE00DD09E4 /* JSONKit.m in Sources */,
				FEF224A3159472B90093A9D6 /* Question+Helpers.m in Sources */,
				FEF224A6159475270093A9D6 /* NSManagedObject+Helpers.m in Sources */,
				FEF224AB15947A250093A9D6 /* Question.m in Sources */,
				FE08F16615980116009E981C /* ParentControlViewController.m in Sources */,
				FE08F16A15980126009E981C /* FakeScannerView.m in Sources */,
				FE08F17015984BA8009E981C /* NSMutableArray+Shuffling.m in Sources */,
				FE08F17115984BA8009E981C /* UIViewController+Util.m in Sources */,
				FE05A7B11598AC4C006F1FAC /* UIFont+Additionals.m in Sources */,
				FEE16C6715998A62004EA22F /* BaseGameViewController.m in Sources */,
				FEE16C6915998A62004EA22F /* SinglePlayerGameViewController.m in Sources */,
				FEE16C6B15998A62004EA22F /* TwoPlayersGameViewController.m in Sources */,
			);
			runOnlyForDeploymentPostprocessing = 0;
		};
/* End PBXSourcesBuildPhase section */

/* Begin PBXTargetDependency section */
		FEFE563D159402EB002EBFD1 /* PBXTargetDependency */ = {
			isa = PBXTargetDependency;
			name = GMGridView;
			targetProxy = FEFE563C159402EB002EBFD1 /* PBXContainerItemProxy */;
		};
/* End PBXTargetDependency section */

/* Begin XCBuildConfiguration section */
		FEDAEA941578A21200F2552F /* Debug */ = {
			isa = XCBuildConfiguration;
			buildSettings = {
				ALWAYS_SEARCH_USER_PATHS = NO;
				ARCHS = "$(ARCHS_STANDARD_32_BIT)";
				CLANG_ENABLE_OBJC_ARC = YES;
				"CODE_SIGN_IDENTITY[sdk=iphoneos*]" = "iPhone Developer";
				COPY_PHASE_STRIP = NO;
				GCC_C_LANGUAGE_STANDARD = gnu99;
				GCC_DYNAMIC_NO_PIC = NO;
				GCC_OPTIMIZATION_LEVEL = 0;
				GCC_PREPROCESSOR_DEFINITIONS = (
					"DEBUG=1",
					"$(inherited)",
				);
				GCC_SYMBOLS_PRIVATE_EXTERN = NO;
				GCC_VERSION = com.apple.compilers.llvm.clang.1_0;
				GCC_WARN_ABOUT_MISSING_PROTOTYPES = YES;
				GCC_WARN_ABOUT_RETURN_TYPE = YES;
				GCC_WARN_UNUSED_VARIABLE = YES;
				HEADER_SEARCH_PATHS = "learnEverything/Utils/GMGridView/**";
				IPHONEOS_DEPLOYMENT_TARGET = 4.0;
				OTHER_LDFLAGS = (
					"-all_load",
					"-ObjC",
				);
				SDKROOT = iphoneos5.1;
				TARGETED_DEVICE_FAMILY = "1,2";
			};
			name = Debug;
		};
		FEDAEA951578A21200F2552F /* Release */ = {
			isa = XCBuildConfiguration;
			buildSettings = {
				ALWAYS_SEARCH_USER_PATHS = NO;
				ARCHS = "$(ARCHS_STANDARD_32_BIT)";
				CLANG_ENABLE_OBJC_ARC = YES;
				"CODE_SIGN_IDENTITY[sdk=iphoneos*]" = "iPhone Developer";
				COPY_PHASE_STRIP = YES;
				GCC_C_LANGUAGE_STANDARD = gnu99;
				GCC_VERSION = com.apple.compilers.llvm.clang.1_0;
				GCC_WARN_ABOUT_MISSING_PROTOTYPES = YES;
				GCC_WARN_ABOUT_RETURN_TYPE = YES;
				GCC_WARN_UNUSED_VARIABLE = YES;
				HEADER_SEARCH_PATHS = "learnEverything/Utils/GMGridView/**";
				IPHONEOS_DEPLOYMENT_TARGET = 4.0;
				OTHER_CFLAGS = "-DNS_BLOCK_ASSERTIONS=1";
				OTHER_LDFLAGS = (
					"-all_load",
					"-ObjC",
				);
				SDKROOT = iphoneos5.1;
				TARGETED_DEVICE_FAMILY = "1,2";
				VALIDATE_PRODUCT = YES;
			};
			name = Release;
		};
		FEDAEA971578A21200F2552F /* Debug */ = {
			isa = XCBuildConfiguration;
			buildSettings = {
				GCC_PRECOMPILE_PREFIX_HEADER = YES;
				GCC_PREFIX_HEADER = "learnEverything/learnEverything-Prefix.pch";
				INFOPLIST_FILE = "learnEverything/learnEverything-Info.plist";
				IPHONEOS_DEPLOYMENT_TARGET = 4.0;
				PRODUCT_NAME = "$(TARGET_NAME)";
				SDKROOT = iphoneos5.1;
				TARGETED_DEVICE_FAMILY = 2;
				WRAPPER_EXTENSION = app;
			};
			name = Debug;
		};
		FEDAEA981578A21200F2552F /* Release */ = {
			isa = XCBuildConfiguration;
			buildSettings = {
				GCC_PRECOMPILE_PREFIX_HEADER = YES;
				GCC_PREFIX_HEADER = "learnEverything/learnEverything-Prefix.pch";
				INFOPLIST_FILE = "learnEverything/learnEverything-Info.plist";
				IPHONEOS_DEPLOYMENT_TARGET = 4.0;
				PRODUCT_NAME = "$(TARGET_NAME)";
				SDKROOT = iphoneos5.1;
				TARGETED_DEVICE_FAMILY = 2;
				WRAPPER_EXTENSION = app;
			};
			name = Release;
		};
/* End XCBuildConfiguration section */

/* Begin XCConfigurationList section */
		FEDAEA6F1578A21100F2552F /* Build configuration list for PBXProject "learnEverything" */ = {
			isa = XCConfigurationList;
			buildConfigurations = (
				FEDAEA941578A21200F2552F /* Debug */,
				FEDAEA951578A21200F2552F /* Release */,
			);
			defaultConfigurationIsVisible = 0;
			defaultConfigurationName = Release;
		};
		FEDAEA961578A21200F2552F /* Build configuration list for PBXNativeTarget "learnEverything" */ = {
			isa = XCConfigurationList;
			buildConfigurations = (
				FEDAEA971578A21200F2552F /* Debug */,
				FEDAEA981578A21200F2552F /* Release */,
			);
			defaultConfigurationIsVisible = 0;
			defaultConfigurationName = Release;
		};
/* End XCConfigurationList section */

/* Begin XCVersionGroup section */
		FEEACE0F1579CAF800698EBB /* QuestionModel.xcdatamodeld */ = {
			isa = XCVersionGroup;
			children = (
				FE82F8E3157D11A90081F81E /* QuestionModel 2.xcdatamodel */,
				FEF4FA47159366A900D6171F /* QuestionModel 3.xcdatamodel */,
				FEF224A7159477370093A9D6 /* QuestionModel 4.xcdatamodel */,
				FEF224A8159479DA0093A9D6 /* QuestionModel 5.xcdatamodel */,
				FEEACE101579CAF900698EBB /* QuestionModel.xcdatamodel */,
			);
			currentVersion = FEF224A8159479DA0093A9D6 /* QuestionModel 5.xcdatamodel */;
			name = QuestionModel.xcdatamodeld;
			path = learnEverything/CoreData/QuestionModel.xcdatamodeld;
			sourceTree = "<group>";
			versionGroupType = wrapper.xcdatamodel;
		};
/* End XCVersionGroup section */
	};
	rootObject = FEDAEA6C1578A21100F2552F /* Project object */;
}
